PODS:
  - BigInt (5.0.0)
  - GenericJSON (2.0.1)
  - secp256k1.swift (0.1.4)
  - Stripe (21.5.1):
    - Stripe/Stripe3DS2 (= 21.5.1)
  - Stripe/Stripe3DS2 (21.5.1)
  - web3.swift (0.7.2):
    - BigInt (~> 5.0.0)
    - GenericJSON (~> 2.0)
    - secp256k1.swift (~> 0.1)

DEPENDENCIES:
  - Stripe
  - web3.swift

SPEC REPOS:
  trunk:
    - BigInt
    - GenericJSON
    - secp256k1.swift
    - Stripe
    - web3.swift

SPEC CHECKSUMS:
  BigInt: 74b4d88367b0e819d9f77393549226d36faeb0d8
  GenericJSON: a6e74e2c457f8693caab08e0eafde7d97e6666de
  secp256k1.swift: a7e7a214f6db6ce5db32cc6b2b45e5c4dd633634
  Stripe: 515db5536fd659b5d79a0898ce1b882b61ab597e
  web3.swift: 480dd988a93763213b4446da11cd73c39081505b

PODFILE CHECKSUM: b61d69f691555d9ca6c7ff1fcd2d5681e399de55

COCOAPODS: 1.10.1
