// !$*UTF8*$!
{
	archiveVersion = 1;
	classes = {
	};
	objectVersion = 51;
	objects = {

/* Begin PBXBuildFile section */
		4EF99EF6EE41A6083A3BD14B /* Pods_ios.framework in Frameworks */ = {isa = PBXBuildFile; fileRef = 66225ADAD1CD2700DFF53297 /* Pods_ios.framework */; };
		674CA13BD77D514BF56F56BD /* Pods_ios_iosUITests.framework in Frameworks */ = {isa = PBXBuildFile; fileRef = 1FD3C149E0E40CF372CD4461 /* Pods_ios_iosUITests.framework */; };
		6B85D8A47F98B33190DA6C49 /* Pods_iosTests.framework in Frameworks */ = {isa = PBXBuildFile; fileRef = 4143FED2ACF06D3F7E7A458D /* Pods_iosTests.framework */; };
		79A31658264452A700125DE3 /* iosApp.swift in Sources */ = {isa = PBXBuildFile; fileRef = 79A31657264452A700125DE3 /* iosApp.swift */; };
		79A3165A264452A700125DE3 /* ContentView.swift in Sources */ = {isa = PBXBuildFile; fileRef = 79A31659264452A700125DE3 /* ContentView.swift */; };
		79A3165C264452AB00125DE3 /* Assets.xcassets in Resources */ = {isa = PBXBuildFile; fileRef = 79A3165B264452AB00125DE3 /* Assets.xcassets */; };
		79A3165F264452AB00125DE3 /* Preview Assets.xcassets in Resources */ = {isa = PBXBuildFile; fileRef = 79A3165E264452AB00125DE3 /* Preview Assets.xcassets */; };
		79A3166A264452AB00125DE3 /* iosTests.swift in Sources */ = {isa = PBXBuildFile; fileRef = 79A31669264452AB00125DE3 /* iosTests.swift */; };
		79A31675264452AB00125DE3 /* iosUITests.swift in Sources */ = {isa = PBXBuildFile; fileRef = 79A31674264452AB00125DE3 /* iosUITests.swift */; };
		79A316832644530300125DE3 /* Podfile in Resources */ = {isa = PBXBuildFile; fileRef = 79A316822644530300125DE3 /* Podfile */; };
/* End PBXBuildFile section */

/* Begin PBXContainerItemProxy section */
		79A31666264452AB00125DE3 /* PBXContainerItemProxy */ = {
			isa = PBXContainerItemProxy;
			containerPortal = 79A3164C264452A700125DE3 /* Project object */;
			proxyType = 1;
			remoteGlobalIDString = 79A31653264452A700125DE3;
			remoteInfo = ios;
		};
		79A31671264452AB00125DE3 /* PBXContainerItemProxy */ = {
			isa = PBXContainerItemProxy;
			containerPortal = 79A3164C264452A700125DE3 /* Project object */;
			proxyType = 1;
			remoteGlobalIDString = 79A31653264452A700125DE3;
			remoteInfo = ios;
		};
/* End PBXContainerItemProxy section */

/* Begin PBXFileReference section */
		0E1C6A7F0A839C417B0375BE /* Pods-ios.release.xcconfig */ = {isa = PBXFileReference; includeInIndex = 1; lastKnownFileType = text.xcconfig; name = "Pods-ios.release.xcconfig"; path = "Target Support Files/Pods-ios/Pods-ios.release.xcconfig"; sourceTree = "<group>"; };
		172E9C5A19E4C42686547B4D /* Pods-ios-iosUITests.release.xcconfig */ = {isa = PBXFileReference; includeInIndex = 1; lastKnownFileType = text.xcconfig; name = "Pods-ios-iosUITests.release.xcconfig"; path = "Target Support Files/Pods-ios-iosUITests/Pods-ios-iosUITests.release.xcconfig"; sourceTree = "<group>"; };
		1FD3C149E0E40CF372CD4461 /* Pods_ios_iosUITests.framework */ = {isa = PBXFileReference; explicitFileType = wrapper.framework; includeInIndex = 0; path = Pods_ios_iosUITests.framework; sourceTree = BUILT_PRODUCTS_DIR; };
		2E1DF6926267A7F081131916 /* Pods-iosTests.release.xcconfig */ = {isa = PBXFileReference; includeInIndex = 1; lastKnownFileType = text.xcconfig; name = "Pods-iosTests.release.xcconfig"; path = "Target Support Files/Pods-iosTests/Pods-iosTests.release.xcconfig"; sourceTree = "<group>"; };
		4143FED2ACF06D3F7E7A458D /* Pods_iosTests.framework */ = {isa = PBXFileReference; explicitFileType = wrapper.framework; includeInIndex = 0; path = Pods_iosTests.framework; sourceTree = BUILT_PRODUCTS_DIR; };
		66225ADAD1CD2700DFF53297 /* Pods_ios.framework */ = {isa = PBXFileReference; explicitFileType = wrapper.framework; includeInIndex = 0; path = Pods_ios.framework; sourceTree = BUILT_PRODUCTS_DIR; };
		79A31654264452A700125DE3 /* ios.app */ = {isa = PBXFileReference; explicitFileType = wrapper.application; includeInIndex = 0; path = ios.app; sourceTree = BUILT_PRODUCTS_DIR; };
		79A31657264452A700125DE3 /* iosApp.swift */ = {isa = PBXFileReference; lastKnownFileType = sourcecode.swift; path = iosApp.swift; sourceTree = "<group>"; };
		79A31659264452A700125DE3 /* ContentView.swift */ = {isa = PBXFileReference; lastKnownFileType = sourcecode.swift; path = ContentView.swift; sourceTree = "<group>"; };
		79A3165B264452AB00125DE3 /* Assets.xcassets */ = {isa = PBXFileReference; lastKnownFileType = folder.assetcatalog; path = Assets.xcassets; sourceTree = "<group>"; };
		79A3165E264452AB00125DE3 /* Preview Assets.xcassets */ = {isa = PBXFileReference; lastKnownFileType = folder.assetcatalog; path = "Preview Assets.xcassets"; sourceTree = "<group>"; };
		79A31660264452AB00125DE3 /* Info.plist */ = {isa = PBXFileReference; lastKnownFileType = text.plist.xml; path = Info.plist; sourceTree = "<group>"; };
		79A31665264452AB00125DE3 /* iosTests.xctest */ = {isa = PBXFileReference; explicitFileType = wrapper.cfbundle; includeInIndex = 0; path = iosTests.xctest; sourceTree = BUILT_PRODUCTS_DIR; };
		79A31669264452AB00125DE3 /* iosTests.swift */ = {isa = PBXFileReference; lastKnownFileType = sourcecode.swift; path = iosTests.swift; sourceTree = "<group>"; };
		79A3166B264452AB00125DE3 /* Info.plist */ = {isa = PBXFileReference; lastKnownFileType = text.plist.xml; path = Info.plist; sourceTree = "<group>"; };
		79A31670264452AB00125DE3 /* iosUITests.xctest */ = {isa = PBXFileReference; explicitFileType = wrapper.cfbundle; includeInIndex = 0; path = iosUITests.xctest; sourceTree = BUILT_PRODUCTS_DIR; };
		79A31674264452AB00125DE3 /* iosUITests.swift */ = {isa = PBXFileReference; lastKnownFileType = sourcecode.swift; path = iosUITests.swift; sourceTree = "<group>"; };
		79A31676264452AB00125DE3 /* Info.plist */ = {isa = PBXFileReference; lastKnownFileType = text.plist.xml; path = Info.plist; sourceTree = "<group>"; };
		79A316822644530300125DE3 /* Podfile */ = {isa = PBXFileReference; fileEncoding = 4; lastKnownFileType = text; path = Podfile; sourceTree = "<group>"; xcLanguageSpecificationIdentifier = xcode.lang.ruby; };
		80FC8CF33BDA16615C9A7E4E /* Pods-iosTests.debug.xcconfig */ = {isa = PBXFileReference; includeInIndex = 1; lastKnownFileType = text.xcconfig; name = "Pods-iosTests.debug.xcconfig"; path = "Target Support Files/Pods-iosTests/Pods-iosTests.debug.xcconfig"; sourceTree = "<group>"; };
		86EEA360FF5B55773147FCA4 /* Pods-ios-iosUITests.debug.xcconfig */ = {isa = PBXFileReference; includeInIndex = 1; lastKnownFileType = text.xcconfig; name = "Pods-ios-iosUITests.debug.xcconfig"; path = "Target Support Files/Pods-ios-iosUITests/Pods-ios-iosUITests.debug.xcconfig"; sourceTree = "<group>"; };
		8D4C67C6C9E3756B02C796E8 /* Pods-ios.debug.xcconfig */ = {isa = PBXFileReference; includeInIndex = 1; lastKnownFileType = text.xcconfig; name = "Pods-ios.debug.xcconfig"; path = "Target Support Files/Pods-ios/Pods-ios.debug.xcconfig"; sourceTree = "<group>"; };
/* End PBXFileReference section */

/* Begin PBXFrameworksBuildPhase section */
		79A31651264452A700125DE3 /* Frameworks */ = {
			isa = PBXFrameworksBuildPhase;
			buildActionMask = 2147483647;
			files = (
				4EF99EF6EE41A6083A3BD14B /* Pods_ios.framework in Frameworks */,
			);
			runOnlyForDeploymentPostprocessing = 0;
		};
		79A31662264452AB00125DE3 /* Frameworks */ = {
			isa = PBXFrameworksBuildPhase;
			buildActionMask = 2147483647;
			files = (
				6B85D8A47F98B33190DA6C49 /* Pods_iosTests.framework in Frameworks */,
			);
			runOnlyForDeploymentPostprocessing = 0;
		};
		79A3166D264452AB00125DE3 /* Frameworks */ = {
			isa = PBXFrameworksBuildPhase;
			buildActionMask = 2147483647;
			files = (
				674CA13BD77D514BF56F56BD /* Pods_ios_iosUITests.framework in Frameworks */,
			);
			runOnlyForDeploymentPostprocessing = 0;
		};
/* End PBXFrameworksBuildPhase section */

/* Begin PBXGroup section */
		03D5F5CF077F2F83C31E9C44 /* Pods */ = {
			isa = PBXGroup;
			children = (
				8D4C67C6C9E3756B02C796E8 /* Pods-ios.debug.xcconfig */,
				0E1C6A7F0A839C417B0375BE /* Pods-ios.release.xcconfig */,
				86EEA360FF5B55773147FCA4 /* Pods-ios-iosUITests.debug.xcconfig */,
				172E9C5A19E4C42686547B4D /* Pods-ios-iosUITests.release.xcconfig */,
				80FC8CF33BDA16615C9A7E4E /* Pods-iosTests.debug.xcconfig */,
				2E1DF6926267A7F081131916 /* Pods-iosTests.release.xcconfig */,
			);
			path = Pods;
			sourceTree = "<group>";
		};
		79A3164B264452A700125DE3 = {
			isa = PBXGroup;
			children = (
				79A316822644530300125DE3 /* Podfile */,
				79A31656264452A700125DE3 /* ios */,
				79A31668264452AB00125DE3 /* iosTests */,
				79A31673264452AB00125DE3 /* iosUITests */,
				79A31655264452A700125DE3 /* Products */,
				03D5F5CF077F2F83C31E9C44 /* Pods */,
				A0A2972C7D1E1D09086071E6 /* Frameworks */,
			);
			sourceTree = "<group>";
		};
		79A31655264452A700125DE3 /* Products */ = {
			isa = PBXGroup;
			children = (
				79A31654264452A700125DE3 /* ios.app */,
				79A31665264452AB00125DE3 /* iosTests.xctest */,
				79A31670264452AB00125DE3 /* iosUITests.xctest */,
			);
			name = Products;
			sourceTree = "<group>";
		};
		79A31656264452A700125DE3 /* ios */ = {
			isa = PBXGroup;
			children = (
				79A31657264452A700125DE3 /* iosApp.swift */,
				79A31659264452A700125DE3 /* ContentView.swift */,
				79A3165B264452AB00125DE3 /* Assets.xcassets */,
				79A31660264452AB00125DE3 /* Info.plist */,
				79A3165D264452AB00125DE3 /* Preview Content */,
			);
			path = ios;
			sourceTree = "<group>";
		};
		79A3165D264452AB00125DE3 /* Preview Content */ = {
			isa = PBXGroup;
			children = (
				79A3165E264452AB00125DE3 /* Preview Assets.xcassets */,
			);
			path = "Preview Content";
			sourceTree = "<group>";
		};
		79A31668264452AB00125DE3 /* iosTests */ = {
			isa = PBXGroup;
			children = (
				79A31669264452AB00125DE3 /* iosTests.swift */,
				79A3166B264452AB00125DE3 /* Info.plist */,
			);
			path = iosTests;
			sourceTree = "<group>";
		};
		79A31673264452AB00125DE3 /* iosUITests */ = {
			isa = PBXGroup;
			children = (
				79A31674264452AB00125DE3 /* iosUITests.swift */,
				79A31676264452AB00125DE3 /* Info.plist */,
			);
			path = iosUITests;
			sourceTree = "<group>";
		};
		A0A2972C7D1E1D09086071E6 /* Frameworks */ = {
			isa = PBXGroup;
			children = (
				66225ADAD1CD2700DFF53297 /* Pods_ios.framework */,
				1FD3C149E0E40CF372CD4461 /* Pods_ios_iosUITests.framework */,
				4143FED2ACF06D3F7E7A458D /* Pods_iosTests.framework */,
			);
			name = Frameworks;
			sourceTree = "<group>";
		};
/* End PBXGroup section */

/* Begin PBXNativeTarget section */
		79A31653264452A700125DE3 /* ios */ = {
			isa = PBXNativeTarget;
			buildConfigurationList = 79A31679264452AB00125DE3 /* Build configuration list for PBXNativeTarget "ios" */;
			buildPhases = (
				65A68E2ABC8FA8FBBA234D41 /* [CP] Check Pods Manifest.lock */,
				79A31650264452A700125DE3 /* Sources */,
				79A31651264452A700125DE3 /* Frameworks */,
				79A31652264452A700125DE3 /* Resources */,
				C08595F280D9BC03BAC31C09 /* [CP] Embed Pods Frameworks */,
			);
			buildRules = (
			);
			dependencies = (
			);
			name = ios;
			productName = ios;
			productReference = 79A31654264452A700125DE3 /* ios.app */;
			productType = "com.apple.product-type.application";
		};
		79A31664264452AB00125DE3 /* iosTests */ = {
			isa = PBXNativeTarget;
			buildConfigurationList = 79A3167C264452AB00125DE3 /* Build configuration list for PBXNativeTarget "iosTests" */;
			buildPhases = (
				601D1B194B60C0CC960F4DB3 /* [CP] Check Pods Manifest.lock */,
				79A31661264452AB00125DE3 /* Sources */,
				79A31662264452AB00125DE3 /* Frameworks */,
				79A31663264452AB00125DE3 /* Resources */,
			);
			buildRules = (
			);
			dependencies = (
				79A31667264452AB00125DE3 /* PBXTargetDependency */,
			);
			name = iosTests;
			productName = iosTests;
			productReference = 79A31665264452AB00125DE3 /* iosTests.xctest */;
			productType = "com.apple.product-type.bundle.unit-test";
		};
		79A3166F264452AB00125DE3 /* iosUITests */ = {
			isa = PBXNativeTarget;
			buildConfigurationList = 79A3167F264452AB00125DE3 /* Build configuration list for PBXNativeTarget "iosUITests" */;
			buildPhases = (
				81C8552640C2129024797A82 /* [CP] Check Pods Manifest.lock */,
				79A3166C264452AB00125DE3 /* Sources */,
				79A3166D264452AB00125DE3 /* Frameworks */,
				79A3166E264452AB00125DE3 /* Resources */,
				A98B6AEA1DEF1BE14AACFCD3 /* [CP] Embed Pods Frameworks */,
			);
			buildRules = (
			);
			dependencies = (
				79A31672264452AB00125DE3 /* PBXTargetDependency */,
			);
			name = iosUITests;
			productName = iosUITests;
			productReference = 79A31670264452AB00125DE3 /* iosUITests.xctest */;
			productType = "com.apple.product-type.bundle.ui-testing";
		};
/* End PBXNativeTarget section */

/* Begin PBXProject section */
		79A3164C264452A700125DE3 /* Project object */ = {
			isa = PBXProject;
			attributes = {
				LastSwiftUpdateCheck = 1250;
				LastUpgradeCheck = 1250;
				TargetAttributes = {
					79A31653264452A700125DE3 = {
						CreatedOnToolsVersion = 12.5;
					};
					79A31664264452AB00125DE3 = {
						CreatedOnToolsVersion = 12.5;
						TestTargetID = 79A31653264452A700125DE3;
					};
					79A3166F264452AB00125DE3 = {
						CreatedOnToolsVersion = 12.5;
						TestTargetID = 79A31653264452A700125DE3;
					};
				};
			};
			buildConfigurationList = 79A3164F264452A700125DE3 /* Build configuration list for PBXProject "ios" */;
			compatibilityVersion = "Xcode 9.3";
			developmentRegion = en;
			hasScannedForEncodings = 0;
			knownRegions = (
				en,
				Base,
			);
			mainGroup = 79A3164B264452A700125DE3;
			productRefGroup = 79A31655264452A700125DE3 /* Products */;
			projectDirPath = "";
			projectRoot = "";
			targets = (
				79A31653264452A700125DE3 /* ios */,
				79A31664264452AB00125DE3 /* iosTests */,
				79A3166F264452AB00125DE3 /* iosUITests */,
			);
		};
/* End PBXProject section */

/* Begin PBXResourcesBuildPhase section */
		79A31652264452A700125DE3 /* Resources */ = {
			isa = PBXResourcesBuildPhase;
			buildActionMask = 2147483647;
			files = (
				79A316832644530300125DE3 /* Podfile in Resources */,
				79A3165F264452AB00125DE3 /* Preview Assets.xcassets in Resources */,
				79A3165C264452AB00125DE3 /* Assets.xcassets in Resources */,
			);
			runOnlyForDeploymentPostprocessing = 0;
		};
		79A31663264452AB00125DE3 /* Resources */ = {
			isa = PBXResourcesBuildPhase;
			buildActionMask = 2147483647;
			files = (
			);
			runOnlyForDeploymentPostprocessing = 0;
		};
		79A3166E264452AB00125DE3 /* Resources */ = {
			isa = PBXResourcesBuildPhase;
			buildActionMask = 2147483647;
			files = (
			);
			runOnlyForDeploymentPostprocessing = 0;
		};
/* End PBXResourcesBuildPhase section */

/* Begin PBXShellScriptBuildPhase section */
		601D1B194B60C0CC960F4DB3 /* [CP] Check Pods Manifest.lock */ = {
			isa = PBXShellScriptBuildPhase;
			buildActionMask = 2147483647;
			files = (
			);
			inputFileListPaths = (
			);
			inputPaths = (
				"${PODS_PODFILE_DIR_PATH}/Podfile.lock",
				"${PODS_ROOT}/Manifest.lock",
			);
			name = "[CP] Check Pods Manifest.lock";
			outputFileListPaths = (
			);
			outputPaths = (
				"$(DERIVED_FILE_DIR)/Pods-iosTests-checkManifestLockResult.txt",
			);
			runOnlyForDeploymentPostprocessing = 0;
			shellPath = /bin/sh;
			shellScript = "diff \"${PODS_PODFILE_DIR_PATH}/Podfile.lock\" \"${PODS_ROOT}/Manifest.lock\" > /dev/null\nif [ $? != 0 ] ; then\n    # print error to STDERR\n    echo \"error: The sandbox is not in sync with the Podfile.lock. Run 'pod install' or update your CocoaPods installation.\" >&2\n    exit 1\nfi\n# This output is used by Xcode 'outputs' to avoid re-running this script phase.\necho \"SUCCESS\" > \"${SCRIPT_OUTPUT_FILE_0}\"\n";
			showEnvVarsInLog = 0;
		};
		65A68E2ABC8FA8FBBA234D41 /* [CP] Check Pods Manifest.lock */ = {
			isa = PBXShellScriptBuildPhase;
			buildActionMask = 2147483647;
			files = (
			);
			inputFileListPaths = (
			);
			inputPaths = (
				"${PODS_PODFILE_DIR_PATH}/Podfile.lock",
				"${PODS_ROOT}/Manifest.lock",
			);
			name = "[CP] Check Pods Manifest.lock";
			outputFileListPaths = (
			);
			outputPaths = (
				"$(DERIVED_FILE_DIR)/Pods-ios-checkManifestLockResult.txt",
			);
			runOnlyForDeploymentPostprocessing = 0;
			shellPath = /bin/sh;
			shellScript = "diff \"${PODS_PODFILE_DIR_PATH}/Podfile.lock\" \"${PODS_ROOT}/Manifest.lock\" > /dev/null\nif [ $? != 0 ] ; then\n    # print error to STDERR\n    echo \"error: The sandbox is not in sync with the Podfile.lock. Run 'pod install' or update your CocoaPods installation.\" >&2\n    exit 1\nfi\n# This output is used by Xcode 'outputs' to avoid re-running this script phase.\necho \"SUCCESS\" > \"${SCRIPT_OUTPUT_FILE_0}\"\n";
			showEnvVarsInLog = 0;
		};
		81C8552640C2129024797A82 /* [CP] Check Pods Manifest.lock */ = {
			isa = PBXShellScriptBuildPhase;
			buildActionMask = 2147483647;
			files = (
			);
			inputFileListPaths = (
			);
			inputPaths = (
				"${PODS_PODFILE_DIR_PATH}/Podfile.lock",
				"${PODS_ROOT}/Manifest.lock",
			);
			name = "[CP] Check Pods Manifest.lock";
			outputFileListPaths = (
			);
			outputPaths = (
				"$(DERIVED_FILE_DIR)/Pods-ios-iosUITests-checkManifestLockResult.txt",
			);
			runOnlyForDeploymentPostprocessing = 0;
			shellPath = /bin/sh;
			shellScript = "diff \"${PODS_PODFILE_DIR_PATH}/Podfile.lock\" \"${PODS_ROOT}/Manifest.lock\" > /dev/null\nif [ $? != 0 ] ; then\n    # print error to STDERR\n    echo \"error: The sandbox is not in sync with the Podfile.lock. Run 'pod install' or update your CocoaPods installation.\" >&2\n    exit 1\nfi\n# This output is used by Xcode 'outputs' to avoid re-running this script phase.\necho \"SUCCESS\" > \"${SCRIPT_OUTPUT_FILE_0}\"\n";
			showEnvVarsInLog = 0;
		};
		A98B6AEA1DEF1BE14AACFCD3 /* [CP] Embed Pods Frameworks */ = {
			isa = PBXShellScriptBuildPhase;
			buildActionMask = 2147483647;
			files = (
			);
			inputFileListPaths = (
				"${PODS_ROOT}/Target Support Files/Pods-ios-iosUITests/Pods-ios-iosUITests-frameworks-${CONFIGURATION}-input-files.xcfilelist",
			);
			name = "[CP] Embed Pods Frameworks";
			outputFileListPaths = (
				"${PODS_ROOT}/Target Support Files/Pods-ios-iosUITests/Pods-ios-iosUITests-frameworks-${CONFIGURATION}-output-files.xcfilelist",
			);
			runOnlyForDeploymentPostprocessing = 0;
			shellPath = /bin/sh;
			shellScript = "\"${PODS_ROOT}/Target Support Files/Pods-ios-iosUITests/Pods-ios-iosUITests-frameworks.sh\"\n";
			showEnvVarsInLog = 0;
		};
		C08595F280D9BC03BAC31C09 /* [CP] Embed Pods Frameworks */ = {
			isa = PBXShellScriptBuildPhase;
			buildActionMask = 2147483647;
			files = (
			);
			inputFileListPaths = (
				"${PODS_ROOT}/Target Support Files/Pods-ios/Pods-ios-frameworks-${CONFIGURATION}-input-files.xcfilelist",
			);
			name = "[CP] Embed Pods Frameworks";
			outputFileListPaths = (
				"${PODS_ROOT}/Target Support Files/Pods-ios/Pods-ios-frameworks-${CONFIGURATION}-output-files.xcfilelist",
			);
			runOnlyForDeploymentPostprocessing = 0;
			shellPath = /bin/sh;
			shellScript = "\"${PODS_ROOT}/Target Support Files/Pods-ios/Pods-ios-frameworks.sh\"\n";
			showEnvVarsInLog = 0;
		};
/* End PBXShellScriptBuildPhase section */

/* Begin PBXSourcesBuildPhase section */
		79A31650264452A700125DE3 /* Sources */ = {
			isa = PBXSourcesBuildPhase;
			buildActionMask = 2147483647;
			files = (
				79A3165A264452A700125DE3 /* ContentView.swift in Sources */,
				79A31658264452A700125DE3 /* iosApp.swift in Sources */,
			);
			runOnlyForDeploymentPostprocessing = 0;
		};
		79A31661264452AB00125DE3 /* Sources */ = {
			isa = PBXSourcesBuildPhase;
			buildActionMask = 2147483647;
			files = (
				79A3166A264452AB00125DE3 /* iosTests.swift in Sources */,
			);
			runOnlyForDeploymentPostprocessing = 0;
		};
		79A3166C264452AB00125DE3 /* Sources */ = {
			isa = PBXSourcesBuildPhase;
			buildActionMask = 2147483647;
			files = (
				79A31675264452AB00125DE3 /* iosUITests.swift in Sources */,
			);
			runOnlyForDeploymentPostprocessing = 0;
		};
/* End PBXSourcesBuildPhase section */

/* Begin PBXTargetDependency section */
		79A31667264452AB00125DE3 /* PBXTargetDependency */ = {
			isa = PBXTargetDependency;
			target = 79A31653264452A700125DE3 /* ios */;
			targetProxy = 79A31666264452AB00125DE3 /* PBXContainerItemProxy */;
		};
		79A31672264452AB00125DE3 /* PBXTargetDependency */ = {
			isa = PBXTargetDependency;
			target = 79A31653264452A700125DE3 /* ios */;
			targetProxy = 79A31671264452AB00125DE3 /* PBXContainerItemProxy */;
		};
/* End PBXTargetDependency section */

/* Begin XCBuildConfiguration section */
		79A31677264452AB00125DE3 /* Debug */ = {
			isa = XCBuildConfiguration;
			buildSettings = {
				ALWAYS_SEARCH_USER_PATHS = NO;
				CLANG_ANALYZER_NONNULL = YES;
				CLANG_ANALYZER_NUMBER_OBJECT_CONVERSION = YES_AGGRESSIVE;
				CLANG_CXX_LANGUAGE_STANDARD = "gnu++14";
				CLANG_CXX_LIBRARY = "libc++";
				CLANG_ENABLE_MODULES = YES;
				CLANG_ENABLE_OBJC_ARC = YES;
				CLANG_ENABLE_OBJC_WEAK = YES;
				CLANG_WARN_BLOCK_CAPTURE_AUTORELEASING = YES;
				CLANG_WARN_BOOL_CONVERSION = YES;
				CLANG_WARN_COMMA = YES;
				CLANG_WARN_CONSTANT_CONVERSION = YES;
				CLANG_WARN_DEPRECATED_OBJC_IMPLEMENTATIONS = YES;
				CLANG_WARN_DIRECT_OBJC_ISA_USAGE = YES_ERROR;
				CLANG_WARN_DOCUMENTATION_COMMENTS = YES;
				CLANG_WARN_EMPTY_BODY = YES;
				CLANG_WARN_ENUM_CONVERSION = YES;
				CLANG_WARN_INFINITE_RECURSION = YES;
				CLANG_WARN_INT_CONVERSION = YES;
				CLANG_WARN_NON_LITERAL_NULL_CONVERSION = YES;
				CLANG_WARN_OBJC_IMPLICIT_RETAIN_SELF = YES;
				CLANG_WARN_OBJC_LITERAL_CONVERSION = YES;
				CLANG_WARN_OBJC_ROOT_CLASS = YES_ERROR;
				CLANG_WARN_QUOTED_INCLUDE_IN_FRAMEWORK_HEADER = YES;
				CLANG_WARN_RANGE_LOOP_ANALYSIS = YES;
				CLANG_WARN_STRICT_PROTOTYPES = YES;
				CLANG_WARN_SUSPICIOUS_MOVE = YES;
				CLANG_WARN_UNGUARDED_AVAILABILITY = YES_AGGRESSIVE;
				CLANG_WARN_UNREACHABLE_CODE = YES;
				CLANG_WARN__DUPLICATE_METHOD_MATCH = YES;
				COPY_PHASE_STRIP = NO;
				DEBUG_INFORMATION_FORMAT = dwarf;
				ENABLE_STRICT_OBJC_MSGSEND = YES;
				ENABLE_TESTABILITY = YES;
				GCC_C_LANGUAGE_STANDARD = gnu11;
				GCC_DYNAMIC_NO_PIC = NO;
				GCC_NO_COMMON_BLOCKS = YES;
				GCC_OPTIMIZATION_LEVEL = 0;
				GCC_PREPROCESSOR_DEFINITIONS = (
					"DEBUG=1",
					"$(inherited)",
				);
				GCC_WARN_64_TO_32_BIT_CONVERSION = YES;
				GCC_WARN_ABOUT_RETURN_TYPE = YES_ERROR;
				GCC_WARN_UNDECLARED_SELECTOR = YES;
				GCC_WARN_UNINITIALIZED_AUTOS = YES_AGGRESSIVE;
				GCC_WARN_UNUSED_FUNCTION = YES;
				GCC_WARN_UNUSED_VARIABLE = YES;
				IPHONEOS_DEPLOYMENT_TARGET = 14.5;
				MTL_ENABLE_DEBUG_INFO = INCLUDE_SOURCE;
				MTL_FAST_MATH = YES;
				ONLY_ACTIVE_ARCH = YES;
				SDKROOT = iphoneos;
				SWIFT_ACTIVE_COMPILATION_CONDITIONS = DEBUG;
				SWIFT_OPTIMIZATION_LEVEL = "-Onone";
			};
			name = Debug;
		};
		79A31678264452AB00125DE3 /* Release */ = {
			isa = XCBuildConfiguration;
			buildSettings = {
				ALWAYS_SEARCH_USER_PATHS = NO;
				CLANG_ANALYZER_NONNULL = YES;
				CLANG_ANALYZER_NUMBER_OBJECT_CONVERSION = YES_AGGRESSIVE;
				CLANG_CXX_LANGUAGE_STANDARD = "gnu++14";
				CLANG_CXX_LIBRARY = "libc++";
				CLANG_ENABLE_MODULES = YES;
				CLANG_ENABLE_OBJC_ARC = YES;
				CLANG_ENABLE_OBJC_WEAK = YES;
				CLANG_WARN_BLOCK_CAPTURE_AUTORELEASING = YES;
				CLANG_WARN_BOOL_CONVERSION = YES;
				CLANG_WARN_COMMA = YES;
				CLANG_WARN_CONSTANT_CONVERSION = YES;
				CLANG_WARN_DEPRECATED_OBJC_IMPLEMENTATIONS = YES;
				CLANG_WARN_DIRECT_OBJC_ISA_USAGE = YES_ERROR;
				CLANG_WARN_DOCUMENTATION_COMMENTS = YES;
				CLANG_WARN_EMPTY_BODY = YES;
				CLANG_WARN_ENUM_CONVERSION = YES;
				CLANG_WARN_INFINITE_RECURSION = YES;
				CLANG_WARN_INT_CONVERSION = YES;
				CLANG_WARN_NON_LITERAL_NULL_CONVERSION = YES;
				CLANG_WARN_OBJC_IMPLICIT_RETAIN_SELF = YES;
				CLANG_WARN_OBJC_LITERAL_CONVERSION = YES;
				CLANG_WARN_OBJC_ROOT_CLASS = YES_ERROR;
				CLANG_WARN_QUOTED_INCLUDE_IN_FRAMEWORK_HEADER = YES;
				CLANG_WARN_RANGE_LOOP_ANALYSIS = YES;
				CLANG_WARN_STRICT_PROTOTYPES = YES;
				CLANG_WARN_SUSPICIOUS_MOVE = YES;
				CLANG_WARN_UNGUARDED_AVAILABILITY = YES_AGGRESSIVE;
				CLANG_WARN_UNREACHABLE_CODE = YES;
				CLANG_WARN__DUPLICATE_METHOD_MATCH = YES;
				COPY_PHASE_STRIP = NO;
				DEBUG_INFORMATION_FORMAT = "dwarf-with-dsym";
				ENABLE_NS_ASSERTIONS = NO;
				ENABLE_STRICT_OBJC_MSGSEND = YES;
				GCC_C_LANGUAGE_STANDARD = gnu11;
				GCC_NO_COMMON_BLOCKS = YES;
				GCC_WARN_64_TO_32_BIT_CONVERSION = YES;
				GCC_WARN_ABOUT_RETURN_TYPE = YES_ERROR;
				GCC_WARN_UNDECLARED_SELECTOR = YES;
				GCC_WARN_UNINITIALIZED_AUTOS = YES_AGGRESSIVE;
				GCC_WARN_UNUSED_FUNCTION = YES;
				GCC_WARN_UNUSED_VARIABLE = YES;
				IPHONEOS_DEPLOYMENT_TARGET = 14.5;
				MTL_ENABLE_DEBUG_INFO = NO;
				MTL_FAST_MATH = YES;
				SDKROOT = iphoneos;
				SWIFT_COMPILATION_MODE = wholemodule;
				SWIFT_OPTIMIZATION_LEVEL = "-O";
				VALIDATE_PRODUCT = YES;
			};
			name = Release;
		};
		79A3167A264452AB00125DE3 /* Debug */ = {
			isa = XCBuildConfiguration;
			baseConfigurationReference = 8D4C67C6C9E3756B02C796E8 /* Pods-ios.debug.xcconfig */;
			buildSettings = {
				ASSETCATALOG_COMPILER_APPICON_NAME = AppIcon;
				ASSETCATALOG_COMPILER_GLOBAL_ACCENT_COLOR_NAME = AccentColor;
				CODE_SIGN_STYLE = Automatic;
				DEVELOPMENT_ASSET_PATHS = "\"ios/Preview Content\"";
				ENABLE_PREVIEWS = YES;
				INFOPLIST_FILE = ios/Info.plist;
				IPHONEOS_DEPLOYMENT_TARGET = 14.1;
				LD_RUNPATH_SEARCH_PATHS = (
					"$(inherited)",
					"@executable_path/Frameworks",
				);
				PRODUCT_BUNDLE_IDENTIFIER = com.gooneratne.x10host.ios;
				PRODUCT_NAME = "$(TARGET_NAME)";
				SWIFT_VERSION = 5.0;
				TARGETED_DEVICE_FAMILY = "1,2";
			};
			name = Debug;
		};
		79A3167B264452AB00125DE3 /* Release */ = {
			isa = XCBuildConfiguration;
			baseConfigurationReference = 0E1C6A7F0A839C417B0375BE /* Pods-ios.release.xcconfig */;
			buildSettings = {
				ASSETCATALOG_COMPILER_APPICON_NAME = AppIcon;
				ASSETCATALOG_COMPILER_GLOBAL_ACCENT_COLOR_NAME = AccentColor;
				CODE_SIGN_STYLE = Automatic;
				DEVELOPMENT_ASSET_PATHS = "\"ios/Preview Content\"";
				ENABLE_PREVIEWS = YES;
				INFOPLIST_FILE = ios/Info.plist;
				IPHONEOS_DEPLOYMENT_TARGET = 14.1;
				LD_RUNPATH_SEARCH_PATHS = (
					"$(inherited)",
					"@executable_path/Frameworks",
				);
				PRODUCT_BUNDLE_IDENTIFIER = com.gooneratne.x10host.ios;
				PRODUCT_NAME = "$(TARGET_NAME)";
				SWIFT_VERSION = 5.0;
				TARGETED_DEVICE_FAMILY = "1,2";
			};
			name = Release;
		};
		79A3167D264452AB00125DE3 /* Debug */ = {
			isa = XCBuildConfiguration;
			baseConfigurationReference = 80FC8CF33BDA16615C9A7E4E /* Pods-iosTests.debug.xcconfig */;
			buildSettings = {
				ALWAYS_EMBED_SWIFT_STANDARD_LIBRARIES = YES;
				BUNDLE_LOADER = "$(TEST_HOST)";
				CODE_SIGN_STYLE = Automatic;
				INFOPLIST_FILE = iosTests/Info.plist;
				IPHONEOS_DEPLOYMENT_TARGET = 14.0;
				LD_RUNPATH_SEARCH_PATHS = (
					"$(inherited)",
					"@executable_path/Frameworks",
					"@loader_path/Frameworks",
				);
				PRODUCT_BUNDLE_IDENTIFIER = com.gooneratne.x10host.iosTests;
				PRODUCT_NAME = "$(TARGET_NAME)";
				SWIFT_VERSION = 5.0;
				TARGETED_DEVICE_FAMILY = "1,2";
				TEST_HOST = "$(BUILT_PRODUCTS_DIR)/ios.app/ios";
			};
			name = Debug;
		};
		79A3167E264452AB00125DE3 /* Release */ = {
			isa = XCBuildConfiguration;
			baseConfigurationReference = 2E1DF6926267A7F081131916 /* Pods-iosTests.release.xcconfig */;
			buildSettings = {
				ALWAYS_EMBED_SWIFT_STANDARD_LIBRARIES = YES;
				BUNDLE_LOADER = "$(TEST_HOST)";
				CODE_SIGN_STYLE = Automatic;
				INFOPLIST_FILE = iosTests/Info.plist;
				IPHONEOS_DEPLOYMENT_TARGET = 14.0;
				LD_RUNPATH_SEARCH_PATHS = (
					"$(inherited)",
					"@executable_path/Frameworks",
					"@loader_path/Frameworks",
				);
				PRODUCT_BUNDLE_IDENTIFIER = com.gooneratne.x10host.iosTests;
				PRODUCT_NAME = "$(TARGET_NAME)";
				SWIFT_VERSION = 5.0;
				TARGETED_DEVICE_FAMILY = "1,2";
				TEST_HOST = "$(BUILT_PRODUCTS_DIR)/ios.app/ios";
			};
			name = Release;
		};
		79A31680264452AB00125DE3 /* Debug */ = {
			isa = XCBuildConfiguration;
			baseConfigurationReference = 86EEA360FF5B55773147FCA4 /* Pods-ios-iosUITests.debug.xcconfig */;
			buildSettings = {
				ALWAYS_EMBED_SWIFT_STANDARD_LIBRARIES = YES;
				CODE_SIGN_STYLE = Automatic;
				INFOPLIST_FILE = iosUITests/Info.plist;
				LD_RUNPATH_SEARCH_PATHS = (
					"$(inherited)",
					"@executable_path/Frameworks",
					"@loader_path/Frameworks",
				);
				PRODUCT_BUNDLE_IDENTIFIER = com.gooneratne.x10host.iosUITests;
				PRODUCT_NAME = "$(TARGET_NAME)";
				SWIFT_VERSION = 5.0;
				TARGETED_DEVICE_FAMILY = "1,2";
				TEST_TARGET_NAME = ios;
			};
			name = Debug;
		};
		79A31681264452AB00125DE3 /* Release */ = {
			isa = XCBuildConfiguration;
			baseConfigurationReference = 172E9C5A19E4C42686547B4D /* Pods-ios-iosUITests.release.xcconfig */;
			buildSettings = {
				ALWAYS_EMBED_SWIFT_STANDARD_LIBRARIES = YES;
				CODE_SIGN_STYLE = Automatic;
				INFOPLIST_FILE = iosUITests/Info.plist;
				LD_RUNPATH_SEARCH_PATHS = (
					"$(inherited)",
					"@executable_path/Frameworks",
					"@loader_path/Frameworks",
				);
				PRODUCT_BUNDLE_IDENTIFIER = com.gooneratne.x10host.iosUITests;
				PRODUCT_NAME = "$(TARGET_NAME)";
				SWIFT_VERSION = 5.0;
				TARGETED_DEVICE_FAMILY = "1,2";
				TEST_TARGET_NAME = ios;
			};
			name = Release;
		};
/* End XCBuildConfiguration section */

/* Begin XCConfigurationList section */
		79A3164F264452A700125DE3 /* Build configuration list for PBXProject "ios" */ = {
			isa = XCConfigurationList;
			buildConfigurations = (
				79A31677264452AB00125DE3 /* Debug */,
				79A31678264452AB00125DE3 /* Release */,
			);
			defaultConfigurationIsVisible = 0;
			defaultConfigurationName = Release;
		};
		79A31679264452AB00125DE3 /* Build configuration list for PBXNativeTarget "ios" */ = {
			isa = XCConfigurationList;
			buildConfigurations = (
				79A3167A264452AB00125DE3 /* Debug */,
				79A3167B264452AB00125DE3 /* Release */,
			);
			defaultConfigurationIsVisible = 0;
			defaultConfigurationName = Release;
		};
		79A3167C264452AB00125DE3 /* Build configuration list for PBXNativeTarget "iosTests" */ = {
			isa = XCConfigurationList;
			buildConfigurations = (
				79A3167D264452AB00125DE3 /* Debug */,
				79A3167E264452AB00125DE3 /* Release */,
			);
			defaultConfigurationIsVisible = 0;
			defaultConfigurationName = Release;
		};
		79A3167F264452AB00125DE3 /* Build configuration list for PBXNativeTarget "iosUITests" */ = {
			isa = XCConfigurationList;
			buildConfigurations = (
				79A31680264452AB00125DE3 /* Debug */,
				79A31681264452AB00125DE3 /* Release */,
			);
			defaultConfigurationIsVisible = 0;
			defaultConfigurationName = Release;
		};
/* End XCConfigurationList section */
	};
	rootObject = 79A3164C264452A700125DE3 /* Project object */;
}
