// !$*UTF8*$!
{
	archiveVersion = 1;
	classes = {
	};
	objectVersion = 51;
	objects = {

/* Begin PBXBuildFile section */
		72CCE816264ADB08000161E0 /* Web3.swift in Sources */ = {isa = PBXBuildFile; fileRef = 72CCE815264ADB08000161E0 /* Web3.swift */; };
		72CCE81C264ADB63000161E0 /* Deposit.swift in Sources */ = {isa = PBXBuildFile; fileRef = 72CCE81B264ADB63000161E0 /* Deposit.swift */; };
		72CCE81E264ADB6D000161E0 /* Withdraw.swift in Sources */ = {isa = PBXBuildFile; fileRef = 72CCE81D264ADB6D000161E0 /* Withdraw.swift */; };
		72CCE820264ADB74000161E0 /* Transfer.swift in Sources */ = {isa = PBXBuildFile; fileRef = 72CCE81F264ADB74000161E0 /* Transfer.swift */; };
		72CCE822264ADB84000161E0 /* Keystore.swift in Sources */ = {isa = PBXBuildFile; fileRef = 72CCE821264ADB84000161E0 /* Keystore.swift */; };
		72CCE824264ADB8C000161E0 /* Account.swift in Sources */ = {isa = PBXBuildFile; fileRef = 72CCE823264ADB8C000161E0 /* Account.swift */; };
		72CCE826264ADB95000161E0 /* InterestRate.swift in Sources */ = {isa = PBXBuildFile; fileRef = 72CCE825264ADB95000161E0 /* InterestRate.swift */; };
		72CCE828264ADBA1000161E0 /* InterestRateRequest.swift in Sources */ = {isa = PBXBuildFile; fileRef = 72CCE827264ADBA1000161E0 /* InterestRateRequest.swift */; };
		72CCE82A264ADBB1000161E0 /* InterestRateSubgraph.swift in Sources */ = {isa = PBXBuildFile; fileRef = 72CCE829264ADBB1000161E0 /* InterestRateSubgraph.swift */; };
		798485F02649A76200FEE916 /* StandardApp.swift in Sources */ = {isa = PBXBuildFile; fileRef = 798485EF2649A76200FEE916 /* StandardApp.swift */; };
		798485F72649A76400FEE916 /* Preview Assets.xcassets in Resources */ = {isa = PBXBuildFile; fileRef = 798485F62649A76400FEE916 /* Preview Assets.xcassets */; };
		798486022649A76400FEE916 /* StandardTests.swift in Sources */ = {isa = PBXBuildFile; fileRef = 798486012649A76400FEE916 /* StandardTests.swift */; };
		7984860D2649A76400FEE916 /* StandardUITests.swift in Sources */ = {isa = PBXBuildFile; fileRef = 7984860C2649A76400FEE916 /* StandardUITests.swift */; };
		7984862C2649A7B700FEE916 /* Assets.xcassets in Resources */ = {isa = PBXBuildFile; fileRef = 7984861A2649A7B700FEE916 /* Assets.xcassets */; };
		7984862D2649A7B700FEE916 /* StripeClient.swift in Sources */ = {isa = PBXBuildFile; fileRef = 7984861C2649A7B700FEE916 /* StripeClient.swift */; };
		7984862E2649A7B700FEE916 /* PaymentContextDelegate.swift in Sources */ = {isa = PBXBuildFile; fileRef = 7984861D2649A7B700FEE916 /* PaymentContextDelegate.swift */; };
		7984862F2649A7B700FEE916 /* Styles.swift in Sources */ = {isa = PBXBuildFile; fileRef = 7984861F2649A7B700FEE916 /* Styles.swift */; };
		798486302649A7B700FEE916 /* WalletEvent.swift in Sources */ = {isa = PBXBuildFile; fileRef = 798486212649A7B700FEE916 /* WalletEvent.swift */; };
		798486312649A7B700FEE916 /* User.swift in Sources */ = {isa = PBXBuildFile; fileRef = 798486222649A7B700FEE916 /* User.swift */; };
		798486322649A7B700FEE916 /* Wallet.swift in Sources */ = {isa = PBXBuildFile; fileRef = 798486232649A7B700FEE916 /* Wallet.swift */; };
		798486332649A7B700FEE916 /* BankAccountsView.swift in Sources */ = {isa = PBXBuildFile; fileRef = 798486252649A7B700FEE916 /* BankAccountsView.swift */; };
		798486342649A7B700FEE916 /* EnterAmountView.swift in Sources */ = {isa = PBXBuildFile; fileRef = 798486262649A7B700FEE916 /* EnterAmountView.swift */; };
		798486352649A7B700FEE916 /* ConfirmAmountView.swift in Sources */ = {isa = PBXBuildFile; fileRef = 798486272649A7B700FEE916 /* ConfirmAmountView.swift */; };
		798486362649A7B700FEE916 /* SellView.swift in Sources */ = {isa = PBXBuildFile; fileRef = 798486282649A7B700FEE916 /* SellView.swift */; };
		798486372649A7B700FEE916 /* WalletView.swift in Sources */ = {isa = PBXBuildFile; fileRef = 798486292649A7B700FEE916 /* WalletView.swift */; };
		798486382649A7B700FEE916 /* BuyView.swift in Sources */ = {isa = PBXBuildFile; fileRef = 7984862A2649A7B700FEE916 /* BuyView.swift */; };
		798486392649A7B700FEE916 /* OnboardingView.swift in Sources */ = {isa = PBXBuildFile; fileRef = 7984862B2649A7B700FEE916 /* OnboardingView.swift */; };
		7984863B2649A80800FEE916 /* Podfile in Resources */ = {isa = PBXBuildFile; fileRef = 7984863A2649A80800FEE916 /* Podfile */; };
		79CAB627264A48A40016A2DC /* GoogleService-Info.plist in Resources */ = {isa = PBXBuildFile; fileRef = 79CAB626264A48A40016A2DC /* GoogleService-Info.plist */; };
		79CAD526264A4B0D0016A2DC /* WalletRepository.swift in Sources */ = {isa = PBXBuildFile; fileRef = 79CAD523264A4B0D0016A2DC /* WalletRepository.swift */; };
		79CAD528264A4B0D0016A2DC /* Podfile.lock in Resources */ = {isa = PBXBuildFile; fileRef = 79CAD525264A4B0D0016A2DC /* Podfile.lock */; };
		79CAD52C264A4B500016A2DC /* StandardApp+Injection.swift in Sources */ = {isa = PBXBuildFile; fileRef = 79CAD52B264A4B500016A2DC /* StandardApp+Injection.swift */; };
		79EAD6E0264A53490006E561 /* WalletsViewModel.swift in Sources */ = {isa = PBXBuildFile; fileRef = 79EAD6DF264A53490006E561 /* WalletsViewModel.swift */; };
		837EBEE048ABF989BC04FA53 /* Pods_Standard.framework in Frameworks */ = {isa = PBXBuildFile; fileRef = 84323C90804E466FFB700133 /* Pods_Standard.framework */; };
		BAA7BFDD90421B23B8045187 /* Pods_Standard_StandardUITests.framework in Frameworks */ = {isa = PBXBuildFile; fileRef = F23BD6083B82D78C6DA6DA99 /* Pods_Standard_StandardUITests.framework */; };
		FDD9EC747B5CE05C99A065A8 /* Pods_StandardTests.framework in Frameworks */ = {isa = PBXBuildFile; fileRef = DE24B7B41DF7655C543D0398 /* Pods_StandardTests.framework */; };
/* End PBXBuildFile section */

/* Begin PBXContainerItemProxy section */
		798485FE2649A76400FEE916 /* PBXContainerItemProxy */ = {
			isa = PBXContainerItemProxy;
			containerPortal = 798485E42649A76200FEE916 /* Project object */;
			proxyType = 1;
			remoteGlobalIDString = 798485EB2649A76200FEE916;
			remoteInfo = Standard;
		};
		798486092649A76400FEE916 /* PBXContainerItemProxy */ = {
			isa = PBXContainerItemProxy;
			containerPortal = 798485E42649A76200FEE916 /* Project object */;
			proxyType = 1;
			remoteGlobalIDString = 798485EB2649A76200FEE916;
			remoteInfo = Standard;
		};
/* End PBXContainerItemProxy section */

/* Begin PBXFileReference section */
		0BDC5354751C7A07D1C9DFE9 /* Pods-Standard.release.xcconfig */ = {isa = PBXFileReference; includeInIndex = 1; lastKnownFileType = text.xcconfig; name = "Pods-Standard.release.xcconfig"; path = "Target Support Files/Pods-Standard/Pods-Standard.release.xcconfig"; sourceTree = "<group>"; };
		6B97A748FBA39892FDD8AD0A /* Pods-Standard-StandardUITests.debug.xcconfig */ = {isa = PBXFileReference; includeInIndex = 1; lastKnownFileType = text.xcconfig; name = "Pods-Standard-StandardUITests.debug.xcconfig"; path = "Target Support Files/Pods-Standard-StandardUITests/Pods-Standard-StandardUITests.debug.xcconfig"; sourceTree = "<group>"; };
		72CCE815264ADB08000161E0 /* Web3.swift */ = {isa = PBXFileReference; lastKnownFileType = sourcecode.swift; path = Web3.swift; sourceTree = "<group>"; };
		72CCE81B264ADB63000161E0 /* Deposit.swift */ = {isa = PBXFileReference; lastKnownFileType = sourcecode.swift; path = Deposit.swift; sourceTree = "<group>"; };
		72CCE81D264ADB6D000161E0 /* Withdraw.swift */ = {isa = PBXFileReference; lastKnownFileType = sourcecode.swift; path = Withdraw.swift; sourceTree = "<group>"; };
		72CCE81F264ADB74000161E0 /* Transfer.swift */ = {isa = PBXFileReference; lastKnownFileType = sourcecode.swift; path = Transfer.swift; sourceTree = "<group>"; };
		72CCE821264ADB84000161E0 /* Keystore.swift */ = {isa = PBXFileReference; lastKnownFileType = sourcecode.swift; path = Keystore.swift; sourceTree = "<group>"; };
		72CCE823264ADB8C000161E0 /* Account.swift */ = {isa = PBXFileReference; lastKnownFileType = sourcecode.swift; path = Account.swift; sourceTree = "<group>"; };
		72CCE825264ADB95000161E0 /* InterestRate.swift */ = {isa = PBXFileReference; lastKnownFileType = sourcecode.swift; path = InterestRate.swift; sourceTree = "<group>"; };
		72CCE827264ADBA1000161E0 /* InterestRateRequest.swift */ = {isa = PBXFileReference; lastKnownFileType = sourcecode.swift; path = InterestRateRequest.swift; sourceTree = "<group>"; };
		72CCE829264ADBB1000161E0 /* InterestRateSubgraph.swift */ = {isa = PBXFileReference; lastKnownFileType = sourcecode.swift; path = InterestRateSubgraph.swift; sourceTree = "<group>"; };
		798485EC2649A76200FEE916 /* Standard.app */ = {isa = PBXFileReference; explicitFileType = wrapper.application; includeInIndex = 0; path = Standard.app; sourceTree = BUILT_PRODUCTS_DIR; };
		798485EF2649A76200FEE916 /* StandardApp.swift */ = {isa = PBXFileReference; lastKnownFileType = sourcecode.swift; path = StandardApp.swift; sourceTree = "<group>"; };
		798485F62649A76400FEE916 /* Preview Assets.xcassets */ = {isa = PBXFileReference; lastKnownFileType = folder.assetcatalog; path = "Preview Assets.xcassets"; sourceTree = "<group>"; };
		798485F82649A76400FEE916 /* Info.plist */ = {isa = PBXFileReference; lastKnownFileType = text.plist.xml; path = Info.plist; sourceTree = "<group>"; };
		798485FD2649A76400FEE916 /* StandardTests.xctest */ = {isa = PBXFileReference; explicitFileType = wrapper.cfbundle; includeInIndex = 0; path = StandardTests.xctest; sourceTree = BUILT_PRODUCTS_DIR; };
		798486012649A76400FEE916 /* StandardTests.swift */ = {isa = PBXFileReference; lastKnownFileType = sourcecode.swift; path = StandardTests.swift; sourceTree = "<group>"; };
		798486032649A76400FEE916 /* Info.plist */ = {isa = PBXFileReference; lastKnownFileType = text.plist.xml; path = Info.plist; sourceTree = "<group>"; };
		798486082649A76400FEE916 /* StandardUITests.xctest */ = {isa = PBXFileReference; explicitFileType = wrapper.cfbundle; includeInIndex = 0; path = StandardUITests.xctest; sourceTree = BUILT_PRODUCTS_DIR; };
		7984860C2649A76400FEE916 /* StandardUITests.swift */ = {isa = PBXFileReference; lastKnownFileType = sourcecode.swift; path = StandardUITests.swift; sourceTree = "<group>"; };
		7984860E2649A76400FEE916 /* Info.plist */ = {isa = PBXFileReference; lastKnownFileType = text.plist.xml; path = Info.plist; sourceTree = "<group>"; };
		7984861A2649A7B700FEE916 /* Assets.xcassets */ = {isa = PBXFileReference; lastKnownFileType = folder.assetcatalog; name = Assets.xcassets; path = "../../standard-ios/standard-ios/Assets.xcassets"; sourceTree = "<group>"; };
		7984861C2649A7B700FEE916 /* StripeClient.swift */ = {isa = PBXFileReference; fileEncoding = 4; lastKnownFileType = sourcecode.swift; path = StripeClient.swift; sourceTree = "<group>"; };
		7984861D2649A7B700FEE916 /* PaymentContextDelegate.swift */ = {isa = PBXFileReference; fileEncoding = 4; lastKnownFileType = sourcecode.swift; path = PaymentContextDelegate.swift; sourceTree = "<group>"; };
		7984861F2649A7B700FEE916 /* Styles.swift */ = {isa = PBXFileReference; fileEncoding = 4; lastKnownFileType = sourcecode.swift; path = Styles.swift; sourceTree = "<group>"; };
		798486212649A7B700FEE916 /* WalletEvent.swift */ = {isa = PBXFileReference; fileEncoding = 4; lastKnownFileType = sourcecode.swift; path = WalletEvent.swift; sourceTree = "<group>"; };
		798486222649A7B700FEE916 /* User.swift */ = {isa = PBXFileReference; fileEncoding = 4; lastKnownFileType = sourcecode.swift; path = User.swift; sourceTree = "<group>"; };
		798486232649A7B700FEE916 /* Wallet.swift */ = {isa = PBXFileReference; fileEncoding = 4; lastKnownFileType = sourcecode.swift; path = Wallet.swift; sourceTree = "<group>"; };
		798486252649A7B700FEE916 /* BankAccountsView.swift */ = {isa = PBXFileReference; fileEncoding = 4; lastKnownFileType = sourcecode.swift; path = BankAccountsView.swift; sourceTree = "<group>"; };
		798486262649A7B700FEE916 /* EnterAmountView.swift */ = {isa = PBXFileReference; fileEncoding = 4; lastKnownFileType = sourcecode.swift; path = EnterAmountView.swift; sourceTree = "<group>"; };
		798486272649A7B700FEE916 /* ConfirmAmountView.swift */ = {isa = PBXFileReference; fileEncoding = 4; lastKnownFileType = sourcecode.swift; path = ConfirmAmountView.swift; sourceTree = "<group>"; };
		798486282649A7B700FEE916 /* SellView.swift */ = {isa = PBXFileReference; fileEncoding = 4; lastKnownFileType = sourcecode.swift; path = SellView.swift; sourceTree = "<group>"; };
		798486292649A7B700FEE916 /* WalletView.swift */ = {isa = PBXFileReference; fileEncoding = 4; lastKnownFileType = sourcecode.swift; path = WalletView.swift; sourceTree = "<group>"; };
		7984862A2649A7B700FEE916 /* BuyView.swift */ = {isa = PBXFileReference; fileEncoding = 4; lastKnownFileType = sourcecode.swift; path = BuyView.swift; sourceTree = "<group>"; };
		7984862B2649A7B700FEE916 /* OnboardingView.swift */ = {isa = PBXFileReference; fileEncoding = 4; lastKnownFileType = sourcecode.swift; path = OnboardingView.swift; sourceTree = "<group>"; };
		7984863A2649A80800FEE916 /* Podfile */ = {isa = PBXFileReference; fileEncoding = 4; lastKnownFileType = text; path = Podfile; sourceTree = "<group>"; };
		79CAB626264A48A40016A2DC /* GoogleService-Info.plist */ = {isa = PBXFileReference; fileEncoding = 4; lastKnownFileType = text.plist.xml; path = "GoogleService-Info.plist"; sourceTree = "<group>"; };
		79CAD523264A4B0D0016A2DC /* WalletRepository.swift */ = {isa = PBXFileReference; fileEncoding = 4; lastKnownFileType = sourcecode.swift; name = WalletRepository.swift; path = Standard/Repositories/WalletRepository.swift; sourceTree = SOURCE_ROOT; };
		79CAD525264A4B0D0016A2DC /* Podfile.lock */ = {isa = PBXFileReference; lastKnownFileType = text; path = Podfile.lock; sourceTree = SOURCE_ROOT; };
		79CAD52B264A4B500016A2DC /* StandardApp+Injection.swift */ = {isa = PBXFileReference; fileEncoding = 4; lastKnownFileType = sourcecode.swift; path = "StandardApp+Injection.swift"; sourceTree = "<group>"; };
		79EAD6DF264A53490006E561 /* WalletsViewModel.swift */ = {isa = PBXFileReference; lastKnownFileType = sourcecode.swift; path = WalletsViewModel.swift; sourceTree = "<group>"; };
		84323C90804E466FFB700133 /* Pods_Standard.framework */ = {isa = PBXFileReference; explicitFileType = wrapper.framework; includeInIndex = 0; path = Pods_Standard.framework; sourceTree = BUILT_PRODUCTS_DIR; };
		DD7168111A80FAF82BDB295C /* Pods-Standard.debug.xcconfig */ = {isa = PBXFileReference; includeInIndex = 1; lastKnownFileType = text.xcconfig; name = "Pods-Standard.debug.xcconfig"; path = "Target Support Files/Pods-Standard/Pods-Standard.debug.xcconfig"; sourceTree = "<group>"; };
		DDF806365D0EB4C42DB19713 /* Pods-StandardTests.release.xcconfig */ = {isa = PBXFileReference; includeInIndex = 1; lastKnownFileType = text.xcconfig; name = "Pods-StandardTests.release.xcconfig"; path = "Target Support Files/Pods-StandardTests/Pods-StandardTests.release.xcconfig"; sourceTree = "<group>"; };
		DE24B7B41DF7655C543D0398 /* Pods_StandardTests.framework */ = {isa = PBXFileReference; explicitFileType = wrapper.framework; includeInIndex = 0; path = Pods_StandardTests.framework; sourceTree = BUILT_PRODUCTS_DIR; };
		EAE9F4BBC179CDB4F76B6AF0 /* Pods-Standard-StandardUITests.release.xcconfig */ = {isa = PBXFileReference; includeInIndex = 1; lastKnownFileType = text.xcconfig; name = "Pods-Standard-StandardUITests.release.xcconfig"; path = "Target Support Files/Pods-Standard-StandardUITests/Pods-Standard-StandardUITests.release.xcconfig"; sourceTree = "<group>"; };
		F23BD6083B82D78C6DA6DA99 /* Pods_Standard_StandardUITests.framework */ = {isa = PBXFileReference; explicitFileType = wrapper.framework; includeInIndex = 0; path = Pods_Standard_StandardUITests.framework; sourceTree = BUILT_PRODUCTS_DIR; };
		FEE2A5DE98EB30A1C9810E7B /* Pods-StandardTests.debug.xcconfig */ = {isa = PBXFileReference; includeInIndex = 1; lastKnownFileType = text.xcconfig; name = "Pods-StandardTests.debug.xcconfig"; path = "Target Support Files/Pods-StandardTests/Pods-StandardTests.debug.xcconfig"; sourceTree = "<group>"; };
/* End PBXFileReference section */

/* Begin PBXFrameworksBuildPhase section */
		798485E92649A76200FEE916 /* Frameworks */ = {
			isa = PBXFrameworksBuildPhase;
			buildActionMask = 2147483647;
			files = (
				837EBEE048ABF989BC04FA53 /* Pods_Standard.framework in Frameworks */,
			);
			runOnlyForDeploymentPostprocessing = 0;
		};
		798485FA2649A76400FEE916 /* Frameworks */ = {
			isa = PBXFrameworksBuildPhase;
			buildActionMask = 2147483647;
			files = (
				FDD9EC747B5CE05C99A065A8 /* Pods_StandardTests.framework in Frameworks */,
			);
			runOnlyForDeploymentPostprocessing = 0;
		};
		798486052649A76400FEE916 /* Frameworks */ = {
			isa = PBXFrameworksBuildPhase;
			buildActionMask = 2147483647;
			files = (
				BAA7BFDD90421B23B8045187 /* Pods_Standard_StandardUITests.framework in Frameworks */,
			);
			runOnlyForDeploymentPostprocessing = 0;
		};
/* End PBXFrameworksBuildPhase section */

/* Begin PBXGroup section */
		659854510324B54C4B772C63 /* Pods */ = {
			isa = PBXGroup;
			children = (
				DD7168111A80FAF82BDB295C /* Pods-Standard.debug.xcconfig */,
				0BDC5354751C7A07D1C9DFE9 /* Pods-Standard.release.xcconfig */,
				6B97A748FBA39892FDD8AD0A /* Pods-Standard-StandardUITests.debug.xcconfig */,
				EAE9F4BBC179CDB4F76B6AF0 /* Pods-Standard-StandardUITests.release.xcconfig */,
				FEE2A5DE98EB30A1C9810E7B /* Pods-StandardTests.debug.xcconfig */,
				DDF806365D0EB4C42DB19713 /* Pods-StandardTests.release.xcconfig */,
			);
			path = Pods;
			sourceTree = "<group>";
		};
		72CCE817264ADB1B000161E0 /* Web3 */ = {
			isa = PBXGroup;
			children = (
				72CCE81A264ADB57000161E0 /* Contracts */,
				72CCE819264ADB4E000161E0 /* Wallet */,
				72CCE818264ADB3C000161E0 /* Subgraph */,
				72CCE815264ADB08000161E0 /* Web3.swift */,
			);
			path = Web3;
			sourceTree = "<group>";
		};
		72CCE818264ADB3C000161E0 /* Subgraph */ = {
			isa = PBXGroup;
			children = (
				72CCE825264ADB95000161E0 /* InterestRate.swift */,
				72CCE827264ADBA1000161E0 /* InterestRateRequest.swift */,
				72CCE829264ADBB1000161E0 /* InterestRateSubgraph.swift */,
			);
			path = Subgraph;
			sourceTree = "<group>";
		};
		72CCE819264ADB4E000161E0 /* Wallet */ = {
			isa = PBXGroup;
			children = (
				72CCE821264ADB84000161E0 /* Keystore.swift */,
				72CCE823264ADB8C000161E0 /* Account.swift */,
			);
			path = Wallet;
			sourceTree = "<group>";
		};
		72CCE81A264ADB57000161E0 /* Contracts */ = {
			isa = PBXGroup;
			children = (
				72CCE81B264ADB63000161E0 /* Deposit.swift */,
				72CCE81D264ADB6D000161E0 /* Withdraw.swift */,
				72CCE81F264ADB74000161E0 /* Transfer.swift */,
			);
			path = Contracts;
			sourceTree = "<group>";
		};
		798485E32649A76100FEE916 = {
			isa = PBXGroup;
			children = (
				7984863A2649A80800FEE916 /* Podfile */,
				798485EE2649A76200FEE916 /* Standard */,
				798486002649A76400FEE916 /* StandardTests */,
				7984860B2649A76400FEE916 /* StandardUITests */,
				798485ED2649A76200FEE916 /* Products */,
				659854510324B54C4B772C63 /* Pods */,
				A49523C9AD6C484E5CFBFFE6 /* Frameworks */,
			);
			sourceTree = "<group>";
		};
		798485ED2649A76200FEE916 /* Products */ = {
			isa = PBXGroup;
			children = (
				798485EC2649A76200FEE916 /* Standard.app */,
				798485FD2649A76400FEE916 /* StandardTests.xctest */,
				798486082649A76400FEE916 /* StandardUITests.xctest */,
			);
			name = Products;
			sourceTree = "<group>";
		};
		798485EE2649A76200FEE916 /* Standard */ = {
			isa = PBXGroup;
			children = (
				72CCE817264ADB1B000161E0 /* Web3 */,
				79CAD52A264A4B230016A2DC /* Repositories */,
				79CAD529264A4B110016A2DC /* Services */,
				79CAD525264A4B0D0016A2DC /* Podfile.lock */,
				7984861A2649A7B700FEE916 /* Assets.xcassets */,
				798486202649A7B700FEE916 /* Model */,
				7984861E2649A7B700FEE916 /* styles */,
				7984861B2649A7B700FEE916 /* Util */,
				798486242649A7B700FEE916 /* View */,
				798485EF2649A76200FEE916 /* StandardApp.swift */,
				79CAD52B264A4B500016A2DC /* StandardApp+Injection.swift */,
				79CAB626264A48A40016A2DC /* GoogleService-Info.plist */,
				798485F82649A76400FEE916 /* Info.plist */,
				798485F52649A76400FEE916 /* Preview Content */,
				79EAD6DF264A53490006E561 /* WalletsViewModel.swift */,
			);
			path = Standard;
			sourceTree = "<group>";
		};
		798485F52649A76400FEE916 /* Preview Content */ = {
			isa = PBXGroup;
			children = (
				798485F62649A76400FEE916 /* Preview Assets.xcassets */,
			);
			path = "Preview Content";
			sourceTree = "<group>";
		};
		798486002649A76400FEE916 /* StandardTests */ = {
			isa = PBXGroup;
			children = (
				798486012649A76400FEE916 /* StandardTests.swift */,
				798486032649A76400FEE916 /* Info.plist */,
			);
			path = StandardTests;
			sourceTree = "<group>";
		};
		7984860B2649A76400FEE916 /* StandardUITests */ = {
			isa = PBXGroup;
			children = (
				7984860C2649A76400FEE916 /* StandardUITests.swift */,
				7984860E2649A76400FEE916 /* Info.plist */,
			);
			path = StandardUITests;
			sourceTree = "<group>";
		};
		7984861B2649A7B700FEE916 /* Util */ = {
			isa = PBXGroup;
			children = (
				7984861C2649A7B700FEE916 /* StripeClient.swift */,
				7984861D2649A7B700FEE916 /* PaymentContextDelegate.swift */,
			);
			path = Util;
			sourceTree = "<group>";
		};
		7984861E2649A7B700FEE916 /* styles */ = {
			isa = PBXGroup;
			children = (
				7984861F2649A7B700FEE916 /* Styles.swift */,
			);
			path = styles;
			sourceTree = "<group>";
		};
		798486202649A7B700FEE916 /* Model */ = {
			isa = PBXGroup;
			children = (
				798486212649A7B700FEE916 /* WalletEvent.swift */,
				798486222649A7B700FEE916 /* User.swift */,
				798486232649A7B700FEE916 /* Wallet.swift */,
			);
			path = Model;
			sourceTree = "<group>";
		};
		798486242649A7B700FEE916 /* View */ = {
			isa = PBXGroup;
			children = (
				798486252649A7B700FEE916 /* BankAccountsView.swift */,
				798486262649A7B700FEE916 /* EnterAmountView.swift */,
				798486272649A7B700FEE916 /* ConfirmAmountView.swift */,
				798486282649A7B700FEE916 /* SellView.swift */,
				798486292649A7B700FEE916 /* WalletView.swift */,
				7984862A2649A7B700FEE916 /* BuyView.swift */,
				7984862B2649A7B700FEE916 /* OnboardingView.swift */,
			);
			path = View;
			sourceTree = "<group>";
		};
		79CAD529264A4B110016A2DC /* Services */ = {
			isa = PBXGroup;
			children = (
			);
			path = Services;
			sourceTree = "<group>";
		};
		79CAD52A264A4B230016A2DC /* Repositories */ = {
			isa = PBXGroup;
			children = (
				79CAD523264A4B0D0016A2DC /* WalletRepository.swift */,
			);
			path = Repositories;
			sourceTree = "<group>";
		};
		A49523C9AD6C484E5CFBFFE6 /* Frameworks */ = {
			isa = PBXGroup;
			children = (
				84323C90804E466FFB700133 /* Pods_Standard.framework */,
				F23BD6083B82D78C6DA6DA99 /* Pods_Standard_StandardUITests.framework */,
				DE24B7B41DF7655C543D0398 /* Pods_StandardTests.framework */,
			);
			name = Frameworks;
			sourceTree = "<group>";
		};
/* End PBXGroup section */

/* Begin PBXNativeTarget section */
		798485EB2649A76200FEE916 /* Standard */ = {
			isa = PBXNativeTarget;
			buildConfigurationList = 798486112649A76400FEE916 /* Build configuration list for PBXNativeTarget "Standard" */;
			buildPhases = (
				722AFBFA4F6C8F3E7EC39062 /* [CP] Check Pods Manifest.lock */,
				798485E82649A76200FEE916 /* Sources */,
				798485E92649A76200FEE916 /* Frameworks */,
				798485EA2649A76200FEE916 /* Resources */,
				5831B737987D43431C15983E /* [CP] Embed Pods Frameworks */,
			);
			buildRules = (
			);
			dependencies = (
			);
			name = Standard;
			productName = Standard;
			productReference = 798485EC2649A76200FEE916 /* Standard.app */;
			productType = "com.apple.product-type.application";
		};
		798485FC2649A76400FEE916 /* StandardTests */ = {
			isa = PBXNativeTarget;
			buildConfigurationList = 798486142649A76400FEE916 /* Build configuration list for PBXNativeTarget "StandardTests" */;
			buildPhases = (
				16C5DE871770355EB951E450 /* [CP] Check Pods Manifest.lock */,
				798485F92649A76400FEE916 /* Sources */,
				798485FA2649A76400FEE916 /* Frameworks */,
				798485FB2649A76400FEE916 /* Resources */,
			);
			buildRules = (
			);
			dependencies = (
				798485FF2649A76400FEE916 /* PBXTargetDependency */,
			);
			name = StandardTests;
			productName = StandardTests;
			productReference = 798485FD2649A76400FEE916 /* StandardTests.xctest */;
			productType = "com.apple.product-type.bundle.unit-test";
		};
		798486072649A76400FEE916 /* StandardUITests */ = {
			isa = PBXNativeTarget;
			buildConfigurationList = 798486172649A76400FEE916 /* Build configuration list for PBXNativeTarget "StandardUITests" */;
			buildPhases = (
				6142F900A8F07EA1F13BAFE5 /* [CP] Check Pods Manifest.lock */,
				798486042649A76400FEE916 /* Sources */,
				798486052649A76400FEE916 /* Frameworks */,
				798486062649A76400FEE916 /* Resources */,
				B52B42544193C817A0D81107 /* [CP] Embed Pods Frameworks */,
			);
			buildRules = (
			);
			dependencies = (
				7984860A2649A76400FEE916 /* PBXTargetDependency */,
			);
			name = StandardUITests;
			productName = StandardUITests;
			productReference = 798486082649A76400FEE916 /* StandardUITests.xctest */;
			productType = "com.apple.product-type.bundle.ui-testing";
		};
/* End PBXNativeTarget section */

/* Begin PBXProject section */
		798485E42649A76200FEE916 /* Project object */ = {
			isa = PBXProject;
			attributes = {
				LastSwiftUpdateCheck = 1250;
				LastUpgradeCheck = 1250;
				TargetAttributes = {
					798485EB2649A76200FEE916 = {
						CreatedOnToolsVersion = 12.5;
					};
					798485FC2649A76400FEE916 = {
						CreatedOnToolsVersion = 12.5;
						TestTargetID = 798485EB2649A76200FEE916;
					};
					798486072649A76400FEE916 = {
						CreatedOnToolsVersion = 12.5;
						TestTargetID = 798485EB2649A76200FEE916;
					};
				};
			};
			buildConfigurationList = 798485E72649A76200FEE916 /* Build configuration list for PBXProject "Standard" */;
			compatibilityVersion = "Xcode 9.3";
			developmentRegion = en;
			hasScannedForEncodings = 0;
			knownRegions = (
				en,
				Base,
				de,
				"zh-Hans",
				ja,
				"zh-HK",
				mt,
				nb,
				"en-GB",
				es,
				da,
				"es-419",
				it,
				"nn-NO",
				"fr-CA",
				sv,
				ko,
				"zh-Hant",
				hu,
				tr,
				"pt-BR",
				ru,
				fr,
				fi,
				nl,
				"pt-PT",
			);
			mainGroup = 798485E32649A76100FEE916;
			productRefGroup = 798485ED2649A76200FEE916 /* Products */;
			projectDirPath = "";
			projectRoot = "";
			targets = (
				798485EB2649A76200FEE916 /* Standard */,
				798485FC2649A76400FEE916 /* StandardTests */,
				798486072649A76400FEE916 /* StandardUITests */,
			);
		};
/* End PBXProject section */

/* Begin PBXResourcesBuildPhase section */
		798485EA2649A76200FEE916 /* Resources */ = {
			isa = PBXResourcesBuildPhase;
			buildActionMask = 2147483647;
			files = (
				7984863B2649A80800FEE916 /* Podfile in Resources */,
				79CAB627264A48A40016A2DC /* GoogleService-Info.plist in Resources */,
				79CAD528264A4B0D0016A2DC /* Podfile.lock in Resources */,
				798485F72649A76400FEE916 /* Preview Assets.xcassets in Resources */,
				7984862C2649A7B700FEE916 /* Assets.xcassets in Resources */,
			);
			runOnlyForDeploymentPostprocessing = 0;
		};
		798485FB2649A76400FEE916 /* Resources */ = {
			isa = PBXResourcesBuildPhase;
			buildActionMask = 2147483647;
			files = (
			);
			runOnlyForDeploymentPostprocessing = 0;
		};
		798486062649A76400FEE916 /* Resources */ = {
			isa = PBXResourcesBuildPhase;
			buildActionMask = 2147483647;
			files = (
			);
			runOnlyForDeploymentPostprocessing = 0;
		};
/* End PBXResourcesBuildPhase section */

/* Begin PBXShellScriptBuildPhase section */
		16C5DE871770355EB951E450 /* [CP] Check Pods Manifest.lock */ = {
			isa = PBXShellScriptBuildPhase;
			buildActionMask = 2147483647;
			files = (
			);
			inputFileListPaths = (
			);
			inputPaths = (
				"${PODS_PODFILE_DIR_PATH}/Podfile.lock",
				"${PODS_ROOT}/Manifest.lock",
			);
			name = "[CP] Check Pods Manifest.lock";
			outputFileListPaths = (
			);
			outputPaths = (
				"$(DERIVED_FILE_DIR)/Pods-StandardTests-checkManifestLockResult.txt",
			);
			runOnlyForDeploymentPostprocessing = 0;
			shellPath = /bin/sh;
			shellScript = "diff \"${PODS_PODFILE_DIR_PATH}/Podfile.lock\" \"${PODS_ROOT}/Manifest.lock\" > /dev/null\nif [ $? != 0 ] ; then\n    # print error to STDERR\n    echo \"error: The sandbox is not in sync with the Podfile.lock. Run 'pod install' or update your CocoaPods installation.\" >&2\n    exit 1\nfi\n# This output is used by Xcode 'outputs' to avoid re-running this script phase.\necho \"SUCCESS\" > \"${SCRIPT_OUTPUT_FILE_0}\"\n";
			showEnvVarsInLog = 0;
		};
		5831B737987D43431C15983E /* [CP] Embed Pods Frameworks */ = {
			isa = PBXShellScriptBuildPhase;
			buildActionMask = 2147483647;
			files = (
			);
			inputFileListPaths = (
				"${PODS_ROOT}/Target Support Files/Pods-Standard/Pods-Standard-frameworks-${CONFIGURATION}-input-files.xcfilelist",
			);
			name = "[CP] Embed Pods Frameworks";
			outputFileListPaths = (
				"${PODS_ROOT}/Target Support Files/Pods-Standard/Pods-Standard-frameworks-${CONFIGURATION}-output-files.xcfilelist",
			);
			runOnlyForDeploymentPostprocessing = 0;
			shellPath = /bin/sh;
			shellScript = "\"${PODS_ROOT}/Target Support Files/Pods-Standard/Pods-Standard-frameworks.sh\"\n";
			showEnvVarsInLog = 0;
		};
		6142F900A8F07EA1F13BAFE5 /* [CP] Check Pods Manifest.lock */ = {
			isa = PBXShellScriptBuildPhase;
			buildActionMask = 2147483647;
			files = (
			);
			inputFileListPaths = (
			);
			inputPaths = (
				"${PODS_PODFILE_DIR_PATH}/Podfile.lock",
				"${PODS_ROOT}/Manifest.lock",
			);
			name = "[CP] Check Pods Manifest.lock";
			outputFileListPaths = (
			);
			outputPaths = (
				"$(DERIVED_FILE_DIR)/Pods-Standard-StandardUITests-checkManifestLockResult.txt",
			);
			runOnlyForDeploymentPostprocessing = 0;
			shellPath = /bin/sh;
			shellScript = "diff \"${PODS_PODFILE_DIR_PATH}/Podfile.lock\" \"${PODS_ROOT}/Manifest.lock\" > /dev/null\nif [ $? != 0 ] ; then\n    # print error to STDERR\n    echo \"error: The sandbox is not in sync with the Podfile.lock. Run 'pod install' or update your CocoaPods installation.\" >&2\n    exit 1\nfi\n# This output is used by Xcode 'outputs' to avoid re-running this script phase.\necho \"SUCCESS\" > \"${SCRIPT_OUTPUT_FILE_0}\"\n";
			showEnvVarsInLog = 0;
		};
		722AFBFA4F6C8F3E7EC39062 /* [CP] Check Pods Manifest.lock */ = {
			isa = PBXShellScriptBuildPhase;
			buildActionMask = 2147483647;
			files = (
			);
			inputFileListPaths = (
			);
			inputPaths = (
				"${PODS_PODFILE_DIR_PATH}/Podfile.lock",
				"${PODS_ROOT}/Manifest.lock",
			);
			name = "[CP] Check Pods Manifest.lock";
			outputFileListPaths = (
			);
			outputPaths = (
				"$(DERIVED_FILE_DIR)/Pods-Standard-checkManifestLockResult.txt",
			);
			runOnlyForDeploymentPostprocessing = 0;
			shellPath = /bin/sh;
			shellScript = "diff \"${PODS_PODFILE_DIR_PATH}/Podfile.lock\" \"${PODS_ROOT}/Manifest.lock\" > /dev/null\nif [ $? != 0 ] ; then\n    # print error to STDERR\n    echo \"error: The sandbox is not in sync with the Podfile.lock. Run 'pod install' or update your CocoaPods installation.\" >&2\n    exit 1\nfi\n# This output is used by Xcode 'outputs' to avoid re-running this script phase.\necho \"SUCCESS\" > \"${SCRIPT_OUTPUT_FILE_0}\"\n";
			showEnvVarsInLog = 0;
		};
		B52B42544193C817A0D81107 /* [CP] Embed Pods Frameworks */ = {
			isa = PBXShellScriptBuildPhase;
			buildActionMask = 2147483647;
			files = (
			);
			inputFileListPaths = (
				"${PODS_ROOT}/Target Support Files/Pods-Standard-StandardUITests/Pods-Standard-StandardUITests-frameworks-${CONFIGURATION}-input-files.xcfilelist",
			);
			name = "[CP] Embed Pods Frameworks";
			outputFileListPaths = (
				"${PODS_ROOT}/Target Support Files/Pods-Standard-StandardUITests/Pods-Standard-StandardUITests-frameworks-${CONFIGURATION}-output-files.xcfilelist",
			);
			runOnlyForDeploymentPostprocessing = 0;
			shellPath = /bin/sh;
			shellScript = "\"${PODS_ROOT}/Target Support Files/Pods-Standard-StandardUITests/Pods-Standard-StandardUITests-frameworks.sh\"\n";
			showEnvVarsInLog = 0;
		};
/* End PBXShellScriptBuildPhase section */

/* Begin PBXSourcesBuildPhase section */
		798485E82649A76200FEE916 /* Sources */ = {
			isa = PBXSourcesBuildPhase;
			buildActionMask = 2147483647;
			files = (
				72CCE81C264ADB63000161E0 /* Deposit.swift in Sources */,
				72CCE820264ADB74000161E0 /* Transfer.swift in Sources */,
				79CAD52C264A4B500016A2DC /* StandardApp+Injection.swift in Sources */,
				798486362649A7B700FEE916 /* SellView.swift in Sources */,
				798486382649A7B700FEE916 /* BuyView.swift in Sources */,
				798486372649A7B700FEE916 /* WalletView.swift in Sources */,
				798486392649A7B700FEE916 /* OnboardingView.swift in Sources */,
				798486322649A7B700FEE916 /* Wallet.swift in Sources */,
				72CCE824264ADB8C000161E0 /* Account.swift in Sources */,
				798486302649A7B700FEE916 /* WalletEvent.swift in Sources */,
				7984862F2649A7B700FEE916 /* Styles.swift in Sources */,
				7984862E2649A7B700FEE916 /* PaymentContextDelegate.swift in Sources */,
				79EAD6E0264A53490006E561 /* WalletsViewModel.swift in Sources */,
				72CCE81E264ADB6D000161E0 /* Withdraw.swift in Sources */,
				798486342649A7B700FEE916 /* EnterAmountView.swift in Sources */,
				72CCE826264ADB95000161E0 /* InterestRate.swift in Sources */,
				7984862D2649A7B700FEE916 /* StripeClient.swift in Sources */,
				72CCE822264ADB84000161E0 /* Keystore.swift in Sources */,
				798486352649A7B700FEE916 /* ConfirmAmountView.swift in Sources */,
				798486332649A7B700FEE916 /* BankAccountsView.swift in Sources */,
				72CCE828264ADBA1000161E0 /* InterestRateRequest.swift in Sources */,
				72CCE816264ADB08000161E0 /* Web3.swift in Sources */,
				798485F02649A76200FEE916 /* StandardApp.swift in Sources */,
				798486312649A7B700FEE916 /* User.swift in Sources */,
				79CAD526264A4B0D0016A2DC /* WalletRepository.swift in Sources */,
				72CCE82A264ADBB1000161E0 /* InterestRateSubgraph.swift in Sources */,
			);
			runOnlyForDeploymentPostprocessing = 0;
		};
		798485F92649A76400FEE916 /* Sources */ = {
			isa = PBXSourcesBuildPhase;
			buildActionMask = 2147483647;
			files = (
				798486022649A76400FEE916 /* StandardTests.swift in Sources */,
			);
			runOnlyForDeploymentPostprocessing = 0;
		};
		798486042649A76400FEE916 /* Sources */ = {
			isa = PBXSourcesBuildPhase;
			buildActionMask = 2147483647;
			files = (
				7984860D2649A76400FEE916 /* StandardUITests.swift in Sources */,
			);
			runOnlyForDeploymentPostprocessing = 0;
		};
/* End PBXSourcesBuildPhase section */

/* Begin PBXTargetDependency section */
		798485FF2649A76400FEE916 /* PBXTargetDependency */ = {
			isa = PBXTargetDependency;
			target = 798485EB2649A76200FEE916 /* Standard */;
			targetProxy = 798485FE2649A76400FEE916 /* PBXContainerItemProxy */;
		};
		7984860A2649A76400FEE916 /* PBXTargetDependency */ = {
			isa = PBXTargetDependency;
			target = 798485EB2649A76200FEE916 /* Standard */;
			targetProxy = 798486092649A76400FEE916 /* PBXContainerItemProxy */;
		};
/* End PBXTargetDependency section */

/* Begin XCBuildConfiguration section */
		7984860F2649A76400FEE916 /* Debug */ = {
			isa = XCBuildConfiguration;
			buildSettings = {
				ALWAYS_SEARCH_USER_PATHS = NO;
				CLANG_ANALYZER_NONNULL = YES;
				CLANG_ANALYZER_NUMBER_OBJECT_CONVERSION = YES_AGGRESSIVE;
				CLANG_CXX_LANGUAGE_STANDARD = "gnu++14";
				CLANG_CXX_LIBRARY = "libc++";
				CLANG_ENABLE_MODULES = YES;
				CLANG_ENABLE_OBJC_ARC = YES;
				CLANG_ENABLE_OBJC_WEAK = YES;
				CLANG_WARN_BLOCK_CAPTURE_AUTORELEASING = YES;
				CLANG_WARN_BOOL_CONVERSION = YES;
				CLANG_WARN_COMMA = YES;
				CLANG_WARN_CONSTANT_CONVERSION = YES;
				CLANG_WARN_DEPRECATED_OBJC_IMPLEMENTATIONS = YES;
				CLANG_WARN_DIRECT_OBJC_ISA_USAGE = YES_ERROR;
				CLANG_WARN_DOCUMENTATION_COMMENTS = YES;
				CLANG_WARN_EMPTY_BODY = YES;
				CLANG_WARN_ENUM_CONVERSION = YES;
				CLANG_WARN_INFINITE_RECURSION = YES;
				CLANG_WARN_INT_CONVERSION = YES;
				CLANG_WARN_NON_LITERAL_NULL_CONVERSION = YES;
				CLANG_WARN_OBJC_IMPLICIT_RETAIN_SELF = YES;
				CLANG_WARN_OBJC_LITERAL_CONVERSION = YES;
				CLANG_WARN_OBJC_ROOT_CLASS = YES_ERROR;
				CLANG_WARN_QUOTED_INCLUDE_IN_FRAMEWORK_HEADER = YES;
				CLANG_WARN_RANGE_LOOP_ANALYSIS = YES;
				CLANG_WARN_STRICT_PROTOTYPES = YES;
				CLANG_WARN_SUSPICIOUS_MOVE = YES;
				CLANG_WARN_UNGUARDED_AVAILABILITY = YES_AGGRESSIVE;
				CLANG_WARN_UNREACHABLE_CODE = YES;
				CLANG_WARN__DUPLICATE_METHOD_MATCH = YES;
				COPY_PHASE_STRIP = NO;
				DEBUG_INFORMATION_FORMAT = dwarf;
				ENABLE_STRICT_OBJC_MSGSEND = YES;
				ENABLE_TESTABILITY = YES;
				GCC_C_LANGUAGE_STANDARD = gnu11;
				GCC_DYNAMIC_NO_PIC = NO;
				GCC_NO_COMMON_BLOCKS = YES;
				GCC_OPTIMIZATION_LEVEL = 0;
				GCC_PREPROCESSOR_DEFINITIONS = (
					"DEBUG=1",
					"$(inherited)",
				);
				GCC_WARN_64_TO_32_BIT_CONVERSION = YES;
				GCC_WARN_ABOUT_RETURN_TYPE = YES_ERROR;
				GCC_WARN_UNDECLARED_SELECTOR = YES;
				GCC_WARN_UNINITIALIZED_AUTOS = YES_AGGRESSIVE;
				GCC_WARN_UNUSED_FUNCTION = YES;
				GCC_WARN_UNUSED_VARIABLE = YES;
				IPHONEOS_DEPLOYMENT_TARGET = 14.5;
				MTL_ENABLE_DEBUG_INFO = INCLUDE_SOURCE;
				MTL_FAST_MATH = YES;
				ONLY_ACTIVE_ARCH = YES;
				SDKROOT = iphoneos;
				SWIFT_ACTIVE_COMPILATION_CONDITIONS = DEBUG;
				SWIFT_OPTIMIZATION_LEVEL = "-Onone";
			};
			name = Debug;
		};
		798486102649A76400FEE916 /* Release */ = {
			isa = XCBuildConfiguration;
			buildSettings = {
				ALWAYS_SEARCH_USER_PATHS = NO;
				CLANG_ANALYZER_NONNULL = YES;
				CLANG_ANALYZER_NUMBER_OBJECT_CONVERSION = YES_AGGRESSIVE;
				CLANG_CXX_LANGUAGE_STANDARD = "gnu++14";
				CLANG_CXX_LIBRARY = "libc++";
				CLANG_ENABLE_MODULES = YES;
				CLANG_ENABLE_OBJC_ARC = YES;
				CLANG_ENABLE_OBJC_WEAK = YES;
				CLANG_WARN_BLOCK_CAPTURE_AUTORELEASING = YES;
				CLANG_WARN_BOOL_CONVERSION = YES;
				CLANG_WARN_COMMA = YES;
				CLANG_WARN_CONSTANT_CONVERSION = YES;
				CLANG_WARN_DEPRECATED_OBJC_IMPLEMENTATIONS = YES;
				CLANG_WARN_DIRECT_OBJC_ISA_USAGE = YES_ERROR;
				CLANG_WARN_DOCUMENTATION_COMMENTS = YES;
				CLANG_WARN_EMPTY_BODY = YES;
				CLANG_WARN_ENUM_CONVERSION = YES;
				CLANG_WARN_INFINITE_RECURSION = YES;
				CLANG_WARN_INT_CONVERSION = YES;
				CLANG_WARN_NON_LITERAL_NULL_CONVERSION = YES;
				CLANG_WARN_OBJC_IMPLICIT_RETAIN_SELF = YES;
				CLANG_WARN_OBJC_LITERAL_CONVERSION = YES;
				CLANG_WARN_OBJC_ROOT_CLASS = YES_ERROR;
				CLANG_WARN_QUOTED_INCLUDE_IN_FRAMEWORK_HEADER = YES;
				CLANG_WARN_RANGE_LOOP_ANALYSIS = YES;
				CLANG_WARN_STRICT_PROTOTYPES = YES;
				CLANG_WARN_SUSPICIOUS_MOVE = YES;
				CLANG_WARN_UNGUARDED_AVAILABILITY = YES_AGGRESSIVE;
				CLANG_WARN_UNREACHABLE_CODE = YES;
				CLANG_WARN__DUPLICATE_METHOD_MATCH = YES;
				COPY_PHASE_STRIP = NO;
				DEBUG_INFORMATION_FORMAT = "dwarf-with-dsym";
				ENABLE_NS_ASSERTIONS = NO;
				ENABLE_STRICT_OBJC_MSGSEND = YES;
				GCC_C_LANGUAGE_STANDARD = gnu11;
				GCC_NO_COMMON_BLOCKS = YES;
				GCC_WARN_64_TO_32_BIT_CONVERSION = YES;
				GCC_WARN_ABOUT_RETURN_TYPE = YES_ERROR;
				GCC_WARN_UNDECLARED_SELECTOR = YES;
				GCC_WARN_UNINITIALIZED_AUTOS = YES_AGGRESSIVE;
				GCC_WARN_UNUSED_FUNCTION = YES;
				GCC_WARN_UNUSED_VARIABLE = YES;
				IPHONEOS_DEPLOYMENT_TARGET = 14.5;
				MTL_ENABLE_DEBUG_INFO = NO;
				MTL_FAST_MATH = YES;
				SDKROOT = iphoneos;
				SWIFT_COMPILATION_MODE = wholemodule;
				SWIFT_OPTIMIZATION_LEVEL = "-O";
				VALIDATE_PRODUCT = YES;
			};
			name = Release;
		};
		798486122649A76400FEE916 /* Debug */ = {
			isa = XCBuildConfiguration;
			baseConfigurationReference = DD7168111A80FAF82BDB295C /* Pods-Standard.debug.xcconfig */;
			buildSettings = {
				ASSETCATALOG_COMPILER_APPICON_NAME = AppIcon;
				ASSETCATALOG_COMPILER_GLOBAL_ACCENT_COLOR_NAME = AccentColor;
				CODE_SIGN_STYLE = Automatic;
				DEVELOPMENT_ASSET_PATHS = "\"Standard/Preview Content\"";
				DEVELOPMENT_TEAM = A8J8R277AF;
				ENABLE_PREVIEWS = YES;
				FRAMEWORK_SEARCH_PATHS = (
					"$(inherited)",
					"$(PROJECT_DIR)/Pods/FirebaseAnalytics/Frameworks",
					"$(PROJECT_DIR)/Pods/GoogleAppMeasurement/Frameworks",
				);
				INFOPLIST_FILE = Standard/Info.plist;
				IPHONEOS_DEPLOYMENT_TARGET = 14.0;
				LD_RUNPATH_SEARCH_PATHS = (
					"$(inherited)",
					"@executable_path/Frameworks",
				);
				PRODUCT_BUNDLE_IDENTIFIER = Standard.Standard;
				PRODUCT_NAME = "$(TARGET_NAME)";
				SWIFT_VERSION = 5.0;
				TARGETED_DEVICE_FAMILY = "1,2";
			};
			name = Debug;
		};
		798486132649A76400FEE916 /* Release */ = {
			isa = XCBuildConfiguration;
			baseConfigurationReference = 0BDC5354751C7A07D1C9DFE9 /* Pods-Standard.release.xcconfig */;
			buildSettings = {
				ASSETCATALOG_COMPILER_APPICON_NAME = AppIcon;
				ASSETCATALOG_COMPILER_GLOBAL_ACCENT_COLOR_NAME = AccentColor;
				CODE_SIGN_STYLE = Automatic;
				DEVELOPMENT_ASSET_PATHS = "\"Standard/Preview Content\"";
				DEVELOPMENT_TEAM = A8J8R277AF;
				ENABLE_PREVIEWS = YES;
				FRAMEWORK_SEARCH_PATHS = (
					"$(inherited)",
					"$(PROJECT_DIR)/Pods/FirebaseAnalytics/Frameworks",
					"$(PROJECT_DIR)/Pods/GoogleAppMeasurement/Frameworks",
				);
				INFOPLIST_FILE = Standard/Info.plist;
				IPHONEOS_DEPLOYMENT_TARGET = 14.0;
				LD_RUNPATH_SEARCH_PATHS = (
					"$(inherited)",
					"@executable_path/Frameworks",
				);
				PRODUCT_BUNDLE_IDENTIFIER = Standard.Standard;
				PRODUCT_NAME = "$(TARGET_NAME)";
				SWIFT_VERSION = 5.0;
				TARGETED_DEVICE_FAMILY = "1,2";
			};
			name = Release;
		};
		798486152649A76400FEE916 /* Debug */ = {
			isa = XCBuildConfiguration;
			baseConfigurationReference = FEE2A5DE98EB30A1C9810E7B /* Pods-StandardTests.debug.xcconfig */;
			buildSettings = {
				ALWAYS_EMBED_SWIFT_STANDARD_LIBRARIES = YES;
				BUNDLE_LOADER = "$(TEST_HOST)";
				CODE_SIGN_STYLE = Automatic;
				DEVELOPMENT_TEAM = A8J8R277AF;
				INFOPLIST_FILE = StandardTests/Info.plist;
				IPHONEOS_DEPLOYMENT_TARGET = 14.0;
				LD_RUNPATH_SEARCH_PATHS = (
					"$(inherited)",
					"@executable_path/Frameworks",
					"@loader_path/Frameworks",
				);
				PRODUCT_BUNDLE_IDENTIFIER = Standard.StandardTests;
				PRODUCT_NAME = "$(TARGET_NAME)";
				SWIFT_VERSION = 5.0;
				TARGETED_DEVICE_FAMILY = "1,2";
				TEST_HOST = "$(BUILT_PRODUCTS_DIR)/Standard.app/Standard";
			};
			name = Debug;
		};
		798486162649A76400FEE916 /* Release */ = {
			isa = XCBuildConfiguration;
			baseConfigurationReference = DDF806365D0EB4C42DB19713 /* Pods-StandardTests.release.xcconfig */;
			buildSettings = {
				ALWAYS_EMBED_SWIFT_STANDARD_LIBRARIES = YES;
				BUNDLE_LOADER = "$(TEST_HOST)";
				CODE_SIGN_STYLE = Automatic;
				DEVELOPMENT_TEAM = A8J8R277AF;
				INFOPLIST_FILE = StandardTests/Info.plist;
				IPHONEOS_DEPLOYMENT_TARGET = 14.0;
				LD_RUNPATH_SEARCH_PATHS = (
					"$(inherited)",
					"@executable_path/Frameworks",
					"@loader_path/Frameworks",
				);
				PRODUCT_BUNDLE_IDENTIFIER = Standard.StandardTests;
				PRODUCT_NAME = "$(TARGET_NAME)";
				SWIFT_VERSION = 5.0;
				TARGETED_DEVICE_FAMILY = "1,2";
				TEST_HOST = "$(BUILT_PRODUCTS_DIR)/Standard.app/Standard";
			};
			name = Release;
		};
		798486182649A76400FEE916 /* Debug */ = {
			isa = XCBuildConfiguration;
			baseConfigurationReference = 6B97A748FBA39892FDD8AD0A /* Pods-Standard-StandardUITests.debug.xcconfig */;
			buildSettings = {
				ALWAYS_EMBED_SWIFT_STANDARD_LIBRARIES = YES;
				CODE_SIGN_STYLE = Automatic;
				DEVELOPMENT_TEAM = A8J8R277AF;
				INFOPLIST_FILE = StandardUITests/Info.plist;
				LD_RUNPATH_SEARCH_PATHS = (
					"$(inherited)",
					"@executable_path/Frameworks",
					"@loader_path/Frameworks",
				);
				PRODUCT_BUNDLE_IDENTIFIER = Standard.StandardUITests;
				PRODUCT_NAME = "$(TARGET_NAME)";
				SWIFT_VERSION = 5.0;
				TARGETED_DEVICE_FAMILY = "1,2";
				TEST_TARGET_NAME = Standard;
			};
			name = Debug;
		};
		798486192649A76400FEE916 /* Release */ = {
			isa = XCBuildConfiguration;
			baseConfigurationReference = EAE9F4BBC179CDB4F76B6AF0 /* Pods-Standard-StandardUITests.release.xcconfig */;
			buildSettings = {
				ALWAYS_EMBED_SWIFT_STANDARD_LIBRARIES = YES;
				CODE_SIGN_STYLE = Automatic;
				DEVELOPMENT_TEAM = A8J8R277AF;
				INFOPLIST_FILE = StandardUITests/Info.plist;
				LD_RUNPATH_SEARCH_PATHS = (
					"$(inherited)",
					"@executable_path/Frameworks",
					"@loader_path/Frameworks",
				);
				PRODUCT_BUNDLE_IDENTIFIER = Standard.StandardUITests;
				PRODUCT_NAME = "$(TARGET_NAME)";
				SWIFT_VERSION = 5.0;
				TARGETED_DEVICE_FAMILY = "1,2";
				TEST_TARGET_NAME = Standard;
			};
			name = Release;
		};
/* End XCBuildConfiguration section */

/* Begin XCConfigurationList section */
		798485E72649A76200FEE916 /* Build configuration list for PBXProject "Standard" */ = {
			isa = XCConfigurationList;
			buildConfigurations = (
				7984860F2649A76400FEE916 /* Debug */,
				798486102649A76400FEE916 /* Release */,
			);
			defaultConfigurationIsVisible = 0;
			defaultConfigurationName = Release;
		};
		798486112649A76400FEE916 /* Build configuration list for PBXNativeTarget "Standard" */ = {
			isa = XCConfigurationList;
			buildConfigurations = (
				798486122649A76400FEE916 /* Debug */,
				798486132649A76400FEE916 /* Release */,
			);
			defaultConfigurationIsVisible = 0;
			defaultConfigurationName = Release;
		};
		798486142649A76400FEE916 /* Build configuration list for PBXNativeTarget "StandardTests" */ = {
			isa = XCConfigurationList;
			buildConfigurations = (
				798486152649A76400FEE916 /* Debug */,
				798486162649A76400FEE916 /* Release */,
			);
			defaultConfigurationIsVisible = 0;
			defaultConfigurationName = Release;
		};
		798486172649A76400FEE916 /* Build configuration list for PBXNativeTarget "StandardUITests" */ = {
			isa = XCConfigurationList;
			buildConfigurations = (
				798486182649A76400FEE916 /* Debug */,
				798486192649A76400FEE916 /* Release */,
			);
			defaultConfigurationIsVisible = 0;
			defaultConfigurationName = Release;
		};
/* End XCConfigurationList section */
	};
	rootObject = 798485E42649A76200FEE916 /* Project object */;
}
