PODS:
  - BigInt (3.1.0):
    - SipHash (~> 1.2)
  - SipHash (1.2.2)
  - web3.swift (0.2.0):
    - BigInt (~> 3.1.0)

DEPENDENCIES:
  - web3.swift

SPEC REPOS:
  trunk:
    - BigInt
    - SipHash
    - web3.swift

SPEC CHECKSUMS:
  BigInt: 76b5dfdfa3e2e478d4ffdf161aeede5502e2742f
  SipHash: fad90a4683e420c52ef28063063dbbce248ea6d4
  web3.swift: c6a26db79f6d9f1040c198bddc6488ee1a027f80

PODFILE CHECKSUM: 022f62592f087bf0311ec966e11e8cdcdc422438

COCOAPODS: 1.10.1
